
Microsoft Visual Studio Solution File, Format Version 12.00
# Visual Studio Version 17
VisualStudioVersion = 17.5.002.0
MinimumVisualStudioVersion = 10.0.40219.1
Project("{9A19103F-16F7-4668-BE54-9A1E7A4F7556}") = "128-Exclusive-or-xor-Logical-Operator", "128-Exclusive-or-xor-Logical-Operator.csproj", "{EE495246-A82B-44E5-A5DD-3CDC59103ADB}"
EndProject
Global
	GlobalSection(SolutionConfigurationPlatforms) = preSolution
		Debug|Any CPU = Debug|Any CPU
		Release|Any CPU = Release|Any CPU
	EndGlobalSection
	GlobalSection(ProjectConfigurationPlatforms) = postSolution
		{EE495246-A82B-44E5-A5DD-3CDC59103ADB}.Debug|Any CPU.ActiveCfg = Debug|Any CPU
		{EE495246-A82B-44E5-A5DD-3CDC59103ADB}.Debug|Any CPU.Build.0 = Debug|Any CPU
		{EE495246-A82B-44E5-A5DD-3CDC59103ADB}.Release|Any CPU.ActiveCfg = Release|Any CPU
		{EE495246-A82B-44E5-A5DD-3CDC59103ADB}.Release|Any CPU.Build.0 = Release|Any CPU
	EndGlobalSection
	GlobalSection(SolutionProperties) = preSolution
		HideSolutionNode = FALSE
	EndGlobalSection
	GlobalSection(ExtensibilityGlobals) = postSolution
		SolutionGuid = {A03B3623-FDD1-4F12-8C79-2011830D2919}
	EndGlobalSection
EndGlobal
