
Microsoft Visual Studio Solution File, Format Version 12.00
# Visual Studio Version 17
VisualStudioVersion = 17.5.002.0
MinimumVisualStudioVersion = 10.0.40219.1
Project("{9A19103F-16F7-4668-BE54-9A1E7A4F7556}") = "203-Name-on-billboard", "203-Name-on-billboard.csproj", "{DE2549B5-E23E-4C97-9639-8C3CAA40B68D}"
EndProject
Global
	GlobalSection(SolutionConfigurationPlatforms) = preSolution
		Debug|Any CPU = Debug|Any CPU
		Release|Any CPU = Release|Any CPU
	EndGlobalSection
	GlobalSection(ProjectConfigurationPlatforms) = postSolution
		{DE2549B5-E23E-4C97-9639-8C3CAA40B68D}.Debug|Any CPU.ActiveCfg = Debug|Any CPU
		{DE2549B5-E23E-4C97-9639-8C3CAA40B68D}.Debug|Any CPU.Build.0 = Debug|Any CPU
		{DE2549B5-E23E-4C97-9639-8C3CAA40B68D}.Release|Any CPU.ActiveCfg = Release|Any CPU
		{DE2549B5-E23E-4C97-9639-8C3CAA40B68D}.Release|Any CPU.Build.0 = Release|Any CPU
	EndGlobalSection
	GlobalSection(SolutionProperties) = preSolution
		HideSolutionNode = FALSE
	EndGlobalSection
	GlobalSection(ExtensibilityGlobals) = postSolution
		SolutionGuid = {96F159A1-01DE-4C8A-9C8B-664316F8E1C3}
	EndGlobalSection
EndGlobal
