
Microsoft Visual Studio Solution File, Format Version 12.00
# Visual Studio Version 17
VisualStudioVersion = 17.5.002.0
MinimumVisualStudioVersion = 10.0.40219.1
Project("{9A19103F-16F7-4668-BE54-9A1E7A4F7556}") = "176-Printing-Array-elements-with-Comma-delimiters", "176-Printing-Array-elements-with-Comma-delimiters.csproj", "{FA68D0D3-85F6-46EE-A6AF-FF1412225E5C}"
EndProject
Global
	GlobalSection(SolutionConfigurationPlatforms) = preSolution
		Debug|Any CPU = Debug|Any CPU
		Release|Any CPU = Release|Any CPU
	EndGlobalSection
	GlobalSection(ProjectConfigurationPlatforms) = postSolution
		{FA68D0D3-85F6-46EE-A6AF-FF1412225E5C}.Debug|Any CPU.ActiveCfg = Debug|Any CPU
		{FA68D0D3-85F6-46EE-A6AF-FF1412225E5C}.Debug|Any CPU.Build.0 = Debug|Any CPU
		{FA68D0D3-85F6-46EE-A6AF-FF1412225E5C}.Release|Any CPU.ActiveCfg = Release|Any CPU
		{FA68D0D3-85F6-46EE-A6AF-FF1412225E5C}.Release|Any CPU.Build.0 = Release|Any CPU
	EndGlobalSection
	GlobalSection(SolutionProperties) = preSolution
		HideSolutionNode = FALSE
	EndGlobalSection
	GlobalSection(ExtensibilityGlobals) = postSolution
		SolutionGuid = {AC1034AE-BC72-4AFF-9C25-D43BC1A59C71}
	EndGlobalSection
EndGlobal
