
Microsoft Visual Studio Solution File, Format Version 12.00
# Visual Studio Version 17
VisualStudioVersion = 17.5.002.0
MinimumVisualStudioVersion = 10.0.40219.1
Project("{9A19103F-16F7-4668-BE54-9A1E7A4F7556}") = "558-TIY-FizzBuzz", "558-TIY-FizzBuzz.csproj", "{128E5350-7D4A-4214-8BB9-BC74F047521B}"
EndProject
Global
	GlobalSection(SolutionConfigurationPlatforms) = preSolution
		Debug|Any CPU = Debug|Any CPU
		Release|Any CPU = Release|Any CPU
	EndGlobalSection
	GlobalSection(ProjectConfigurationPlatforms) = postSolution
		{128E5350-7D4A-4214-8BB9-BC74F047521B}.Debug|Any CPU.ActiveCfg = Debug|Any CPU
		{128E5350-7D4A-4214-8BB9-BC74F047521B}.Debug|Any CPU.Build.0 = Debug|Any CPU
		{128E5350-7D4A-4214-8BB9-BC74F047521B}.Release|Any CPU.ActiveCfg = Release|Any CPU
		{128E5350-7D4A-4214-8BB9-BC74F047521B}.Release|Any CPU.Build.0 = Release|Any CPU
	EndGlobalSection
	GlobalSection(SolutionProperties) = preSolution
		HideSolutionNode = FALSE
	EndGlobalSection
	GlobalSection(ExtensibilityGlobals) = postSolution
		SolutionGuid = {75A5BF39-3CED-4AC1-88C9-2635867484F2}
	EndGlobalSection
EndGlobal
