
Microsoft Visual Studio Solution File, Format Version 12.00
# Visual Studio Version 17
VisualStudioVersion = 17.5.002.0
MinimumVisualStudioVersion = 10.0.40219.1
Project("{9A19103F-16F7-4668-BE54-9A1E7A4F7556}") = "161-Longest-vowel-chain", "161-Longest-vowel-chain.csproj", "{7782F665-76F5-493D-AB29-6C0BFFB3F27E}"
EndProject
Global
	GlobalSection(SolutionConfigurationPlatforms) = preSolution
		Debug|Any CPU = Debug|Any CPU
		Release|Any CPU = Release|Any CPU
	EndGlobalSection
	GlobalSection(ProjectConfigurationPlatforms) = postSolution
		{7782F665-76F5-493D-AB29-6C0BFFB3F27E}.Debug|Any CPU.ActiveCfg = Debug|Any CPU
		{7782F665-76F5-493D-AB29-6C0BFFB3F27E}.Debug|Any CPU.Build.0 = Debug|Any CPU
		{7782F665-76F5-493D-AB29-6C0BFFB3F27E}.Release|Any CPU.ActiveCfg = Release|Any CPU
		{7782F665-76F5-493D-AB29-6C0BFFB3F27E}.Release|Any CPU.Build.0 = Release|Any CPU
	EndGlobalSection
	GlobalSection(SolutionProperties) = preSolution
		HideSolutionNode = FALSE
	EndGlobalSection
	GlobalSection(ExtensibilityGlobals) = postSolution
		SolutionGuid = {B5E0D80D-122C-4F0E-8436-8FA55D2E7D6C}
	EndGlobalSection
EndGlobal
