
Microsoft Visual Studio Solution File, Format Version 12.00
# Visual Studio Version 17
VisualStudioVersion = 17.5.002.0
MinimumVisualStudioVersion = 10.0.40219.1
Project("{9A19103F-16F7-4668-BE54-9A1E7A4F7556}") = "322-Ghostbusters-whitespace-removal", "322-Ghostbusters-whitespace-removal.csproj", "{A9C73FF1-1162-4B96-AB86-2ABD45B720CE}"
EndProject
Global
	GlobalSection(SolutionConfigurationPlatforms) = preSolution
		Debug|Any CPU = Debug|Any CPU
		Release|Any CPU = Release|Any CPU
	EndGlobalSection
	GlobalSection(ProjectConfigurationPlatforms) = postSolution
		{A9C73FF1-1162-4B96-AB86-2ABD45B720CE}.Debug|Any CPU.ActiveCfg = Debug|Any CPU
		{A9C73FF1-1162-4B96-AB86-2ABD45B720CE}.Debug|Any CPU.Build.0 = Debug|Any CPU
		{A9C73FF1-1162-4B96-AB86-2ABD45B720CE}.Release|Any CPU.ActiveCfg = Release|Any CPU
		{A9C73FF1-1162-4B96-AB86-2ABD45B720CE}.Release|Any CPU.Build.0 = Release|Any CPU
	EndGlobalSection
	GlobalSection(SolutionProperties) = preSolution
		HideSolutionNode = FALSE
	EndGlobalSection
	GlobalSection(ExtensibilityGlobals) = postSolution
		SolutionGuid = {ABCFFA64-1E61-43A2-A7B4-193A0AB8895D}
	EndGlobalSection
EndGlobal
