
Microsoft Visual Studio Solution File, Format Version 12.00
# Visual Studio Version 17
VisualStudioVersion = 17.5.002.0
MinimumVisualStudioVersion = 10.0.40219.1
Project("{9A19103F-16F7-4668-BE54-9A1E7A4F7556}") = "492-Red-Knight", "492-Red-Knight.csproj", "{D6EA25DB-2246-40D2-8017-EAE2BEE71B85}"
EndProject
Global
	GlobalSection(SolutionConfigurationPlatforms) = preSolution
		Debug|Any CPU = Debug|Any CPU
		Release|Any CPU = Release|Any CPU
	EndGlobalSection
	GlobalSection(ProjectConfigurationPlatforms) = postSolution
		{D6EA25DB-2246-40D2-8017-EAE2BEE71B85}.Debug|Any CPU.ActiveCfg = Debug|Any CPU
		{D6EA25DB-2246-40D2-8017-EAE2BEE71B85}.Debug|Any CPU.Build.0 = Debug|Any CPU
		{D6EA25DB-2246-40D2-8017-EAE2BEE71B85}.Release|Any CPU.ActiveCfg = Release|Any CPU
		{D6EA25DB-2246-40D2-8017-EAE2BEE71B85}.Release|Any CPU.Build.0 = Release|Any CPU
	EndGlobalSection
	GlobalSection(SolutionProperties) = preSolution
		HideSolutionNode = FALSE
	EndGlobalSection
	GlobalSection(ExtensibilityGlobals) = postSolution
		SolutionGuid = {203237CA-521C-4C8C-B655-D393D1BA4320}
	EndGlobalSection
EndGlobal
