
Microsoft Visual Studio Solution File, Format Version 12.00
# Visual Studio Version 17
VisualStudioVersion = 17.5.002.0
MinimumVisualStudioVersion = 10.0.40219.1
Project("{9A19103F-16F7-4668-BE54-9A1E7A4F7556}") = "259-Numbers-with-this-digit-inside", "259-Numbers-with-this-digit-inside.csproj", "{E3AD15BD-562A-4FF4-9F34-C0E85B38FB99}"
EndProject
Global
	GlobalSection(SolutionConfigurationPlatforms) = preSolution
		Debug|Any CPU = Debug|Any CPU
		Release|Any CPU = Release|Any CPU
	EndGlobalSection
	GlobalSection(ProjectConfigurationPlatforms) = postSolution
		{E3AD15BD-562A-4FF4-9F34-C0E85B38FB99}.Debug|Any CPU.ActiveCfg = Debug|Any CPU
		{E3AD15BD-562A-4FF4-9F34-C0E85B38FB99}.Debug|Any CPU.Build.0 = Debug|Any CPU
		{E3AD15BD-562A-4FF4-9F34-C0E85B38FB99}.Release|Any CPU.ActiveCfg = Release|Any CPU
		{E3AD15BD-562A-4FF4-9F34-C0E85B38FB99}.Release|Any CPU.Build.0 = Release|Any CPU
	EndGlobalSection
	GlobalSection(SolutionProperties) = preSolution
		HideSolutionNode = FALSE
	EndGlobalSection
	GlobalSection(ExtensibilityGlobals) = postSolution
		SolutionGuid = {19047F5B-CA8A-4D21-98CA-7F57F23A0DA5}
	EndGlobalSection
EndGlobal
