
Microsoft Visual Studio Solution File, Format Version 12.00
# Visual Studio Version 17
VisualStudioVersion = 17.5.002.0
MinimumVisualStudioVersion = 10.0.40219.1
Project("{9A19103F-16F7-4668-BE54-9A1E7A4F7556}") = "207-Are-arrow-functions-odd", "207-Are-arrow-functions-odd.csproj", "{70BC2F77-EC5D-4F9B-9013-7DE55FF8A736}"
EndProject
Global
	GlobalSection(SolutionConfigurationPlatforms) = preSolution
		Debug|Any CPU = Debug|Any CPU
		Release|Any CPU = Release|Any CPU
	EndGlobalSection
	GlobalSection(ProjectConfigurationPlatforms) = postSolution
		{70BC2F77-EC5D-4F9B-9013-7DE55FF8A736}.Debug|Any CPU.ActiveCfg = Debug|Any CPU
		{70BC2F77-EC5D-4F9B-9013-7DE55FF8A736}.Debug|Any CPU.Build.0 = Debug|Any CPU
		{70BC2F77-EC5D-4F9B-9013-7DE55FF8A736}.Release|Any CPU.ActiveCfg = Release|Any CPU
		{70BC2F77-EC5D-4F9B-9013-7DE55FF8A736}.Release|Any CPU.Build.0 = Release|Any CPU
	EndGlobalSection
	GlobalSection(SolutionProperties) = preSolution
		HideSolutionNode = FALSE
	EndGlobalSection
	GlobalSection(ExtensibilityGlobals) = postSolution
		SolutionGuid = {6E762AC1-269F-4062-B979-E1906D6DBEE3}
	EndGlobalSection
EndGlobal
