
Microsoft Visual Studio Solution File, Format Version 12.00
# Visual Studio Version 17
VisualStudioVersion = 17.5.002.0
MinimumVisualStudioVersion = 10.0.40219.1
Project("{9A19103F-16F7-4668-BE54-9A1E7A4F7556}") = "293-Battle-of-the-characters", "293-Battle-of-the-characters.csproj", "{4DAA8BFF-D580-4CAC-992D-F2477855535A}"
EndProject
Global
	GlobalSection(SolutionConfigurationPlatforms) = preSolution
		Debug|Any CPU = Debug|Any CPU
		Release|Any CPU = Release|Any CPU
	EndGlobalSection
	GlobalSection(ProjectConfigurationPlatforms) = postSolution
		{4DAA8BFF-D580-4CAC-992D-F2477855535A}.Debug|Any CPU.ActiveCfg = Debug|Any CPU
		{4DAA8BFF-D580-4CAC-992D-F2477855535A}.Debug|Any CPU.Build.0 = Debug|Any CPU
		{4DAA8BFF-D580-4CAC-992D-F2477855535A}.Release|Any CPU.ActiveCfg = Release|Any CPU
		{4DAA8BFF-D580-4CAC-992D-F2477855535A}.Release|Any CPU.Build.0 = Release|Any CPU
	EndGlobalSection
	GlobalSection(SolutionProperties) = preSolution
		HideSolutionNode = FALSE
	EndGlobalSection
	GlobalSection(ExtensibilityGlobals) = postSolution
		SolutionGuid = {F985A19F-259F-45BD-9FF1-3DA7518F0A04}
	EndGlobalSection
EndGlobal
