
Microsoft Visual Studio Solution File, Format Version 12.00
# Visual Studio Version 17
VisualStudioVersion = 17.5.002.0
MinimumVisualStudioVersion = 10.0.40219.1
Project("{9A19103F-16F7-4668-BE54-9A1E7A4F7556}") = "145-Array-element-parity", "145-Array-element-parity.csproj", "{B41BB33B-1670-4E80-9D9A-7A85FB7D6BE3}"
EndProject
Global
	GlobalSection(SolutionConfigurationPlatforms) = preSolution
		Debug|Any CPU = Debug|Any CPU
		Release|Any CPU = Release|Any CPU
	EndGlobalSection
	GlobalSection(ProjectConfigurationPlatforms) = postSolution
		{B41BB33B-1670-4E80-9D9A-7A85FB7D6BE3}.Debug|Any CPU.ActiveCfg = Debug|Any CPU
		{B41BB33B-1670-4E80-9D9A-7A85FB7D6BE3}.Debug|Any CPU.Build.0 = Debug|Any CPU
		{B41BB33B-1670-4E80-9D9A-7A85FB7D6BE3}.Release|Any CPU.ActiveCfg = Release|Any CPU
		{B41BB33B-1670-4E80-9D9A-7A85FB7D6BE3}.Release|Any CPU.Build.0 = Release|Any CPU
	EndGlobalSection
	GlobalSection(SolutionProperties) = preSolution
		HideSolutionNode = FALSE
	EndGlobalSection
	GlobalSection(ExtensibilityGlobals) = postSolution
		SolutionGuid = {84EC3D5D-B3DB-436B-B83F-4DA31E29CECD}
	EndGlobalSection
EndGlobal
