
Microsoft Visual Studio Solution File, Format Version 12.00
# Visual Studio Version 17
VisualStudioVersion = 17.5.002.0
MinimumVisualStudioVersion = 10.0.40219.1
Project("{9A19103F-16F7-4668-BE54-9A1E7A4F7556}") = "142-Hex-to-Decimal", "142-Hex-to-Decimal.csproj", "{EEA1EDBA-E665-4123-8AB5-EB80F946EDD7}"
EndProject
Global
	GlobalSection(SolutionConfigurationPlatforms) = preSolution
		Debug|Any CPU = Debug|Any CPU
		Release|Any CPU = Release|Any CPU
	EndGlobalSection
	GlobalSection(ProjectConfigurationPlatforms) = postSolution
		{EEA1EDBA-E665-4123-8AB5-EB80F946EDD7}.Debug|Any CPU.ActiveCfg = Debug|Any CPU
		{EEA1EDBA-E665-4123-8AB5-EB80F946EDD7}.Debug|Any CPU.Build.0 = Debug|Any CPU
		{EEA1EDBA-E665-4123-8AB5-EB80F946EDD7}.Release|Any CPU.ActiveCfg = Release|Any CPU
		{EEA1EDBA-E665-4123-8AB5-EB80F946EDD7}.Release|Any CPU.Build.0 = Release|Any CPU
	EndGlobalSection
	GlobalSection(SolutionProperties) = preSolution
		HideSolutionNode = FALSE
	EndGlobalSection
	GlobalSection(ExtensibilityGlobals) = postSolution
		SolutionGuid = {5B9AD52E-7720-4DAA-A094-C98686B52360}
	EndGlobalSection
EndGlobal
