
Microsoft Visual Studio Solution File, Format Version 12.00
# Visual Studio Version 17
VisualStudioVersion = 17.5.002.0
MinimumVisualStudioVersion = 10.0.40219.1
Project("{9A19103F-16F7-4668-BE54-9A1E7A4F7556}") = "483-Mobile-Display-Keystrokes", "483-Mobile-Display-Keystrokes.csproj", "{B5CDC08E-8C79-4EC6-8AAC-C76382D35D00}"
EndProject
Global
	GlobalSection(SolutionConfigurationPlatforms) = preSolution
		Debug|Any CPU = Debug|Any CPU
		Release|Any CPU = Release|Any CPU
	EndGlobalSection
	GlobalSection(ProjectConfigurationPlatforms) = postSolution
		{B5CDC08E-8C79-4EC6-8AAC-C76382D35D00}.Debug|Any CPU.ActiveCfg = Debug|Any CPU
		{B5CDC08E-8C79-4EC6-8AAC-C76382D35D00}.Debug|Any CPU.Build.0 = Debug|Any CPU
		{B5CDC08E-8C79-4EC6-8AAC-C76382D35D00}.Release|Any CPU.ActiveCfg = Release|Any CPU
		{B5CDC08E-8C79-4EC6-8AAC-C76382D35D00}.Release|Any CPU.Build.0 = Release|Any CPU
	EndGlobalSection
	GlobalSection(SolutionProperties) = preSolution
		HideSolutionNode = FALSE
	EndGlobalSection
	GlobalSection(ExtensibilityGlobals) = postSolution
		SolutionGuid = {22B43A0D-FBB3-4E53-8DF9-A323159C8EC0}
	EndGlobalSection
EndGlobal
