
Microsoft Visual Studio Solution File, Format Version 12.00
# Visual Studio Version 17
VisualStudioVersion = 17.5.002.0
MinimumVisualStudioVersion = 10.0.40219.1
Project("{9A19103F-16F7-4668-BE54-9A1E7A4F7556}") = "190-Check-same-case", "190-Check-same-case.csproj", "{257A038E-1817-4874-82A4-109FC766F7C7}"
EndProject
Global
	GlobalSection(SolutionConfigurationPlatforms) = preSolution
		Debug|Any CPU = Debug|Any CPU
		Release|Any CPU = Release|Any CPU
	EndGlobalSection
	GlobalSection(ProjectConfigurationPlatforms) = postSolution
		{257A038E-1817-4874-82A4-109FC766F7C7}.Debug|Any CPU.ActiveCfg = Debug|Any CPU
		{257A038E-1817-4874-82A4-109FC766F7C7}.Debug|Any CPU.Build.0 = Debug|Any CPU
		{257A038E-1817-4874-82A4-109FC766F7C7}.Release|Any CPU.ActiveCfg = Release|Any CPU
		{257A038E-1817-4874-82A4-109FC766F7C7}.Release|Any CPU.Build.0 = Release|Any CPU
	EndGlobalSection
	GlobalSection(SolutionProperties) = preSolution
		HideSolutionNode = FALSE
	EndGlobalSection
	GlobalSection(ExtensibilityGlobals) = postSolution
		SolutionGuid = {A7B2FA78-00F4-4DE8-BA77-9ACA62FB10F3}
	EndGlobalSection
EndGlobal
