
Microsoft Visual Studio Solution File, Format Version 12.00
# Visual Studio Version 17
VisualStudioVersion = 17.5.002.0
MinimumVisualStudioVersion = 10.0.40219.1
Project("{9A19103F-16F7-4668-BE54-9A1E7A4F7556}") = "308-Linked-Lists-Push-BuildOneTwoThree", "308-Linked-Lists-Push-BuildOneTwoThree.csproj", "{2E052109-6B30-407D-8080-CB7E580D9B7D}"
EndProject
Global
	GlobalSection(SolutionConfigurationPlatforms) = preSolution
		Debug|Any CPU = Debug|Any CPU
		Release|Any CPU = Release|Any CPU
	EndGlobalSection
	GlobalSection(ProjectConfigurationPlatforms) = postSolution
		{2E052109-6B30-407D-8080-CB7E580D9B7D}.Debug|Any CPU.ActiveCfg = Debug|Any CPU
		{2E052109-6B30-407D-8080-CB7E580D9B7D}.Debug|Any CPU.Build.0 = Debug|Any CPU
		{2E052109-6B30-407D-8080-CB7E580D9B7D}.Release|Any CPU.ActiveCfg = Release|Any CPU
		{2E052109-6B30-407D-8080-CB7E580D9B7D}.Release|Any CPU.Build.0 = Release|Any CPU
	EndGlobalSection
	GlobalSection(SolutionProperties) = preSolution
		HideSolutionNode = FALSE
	EndGlobalSection
	GlobalSection(ExtensibilityGlobals) = postSolution
		SolutionGuid = {C2F96A20-B70A-47EB-A85B-02D3B077F919}
	EndGlobalSection
EndGlobal
