
Microsoft Visual Studio Solution File, Format Version 12.00
# Visual Studio Version 17
VisualStudioVersion = 17.5.002.0
MinimumVisualStudioVersion = 10.0.40219.1
Project("{9A19103F-16F7-4668-BE54-9A1E7A4F7556}") = "216-Nth-power-rules-them-all", "216-Nth-power-rules-them-all.csproj", "{ACDB777D-A991-4FAC-873D-336C962207FF}"
EndProject
Global
	GlobalSection(SolutionConfigurationPlatforms) = preSolution
		Debug|Any CPU = Debug|Any CPU
		Release|Any CPU = Release|Any CPU
	EndGlobalSection
	GlobalSection(ProjectConfigurationPlatforms) = postSolution
		{ACDB777D-A991-4FAC-873D-336C962207FF}.Debug|Any CPU.ActiveCfg = Debug|Any CPU
		{ACDB777D-A991-4FAC-873D-336C962207FF}.Debug|Any CPU.Build.0 = Debug|Any CPU
		{ACDB777D-A991-4FAC-873D-336C962207FF}.Release|Any CPU.ActiveCfg = Release|Any CPU
		{ACDB777D-A991-4FAC-873D-336C962207FF}.Release|Any CPU.Build.0 = Release|Any CPU
	EndGlobalSection
	GlobalSection(SolutionProperties) = preSolution
		HideSolutionNode = FALSE
	EndGlobalSection
	GlobalSection(ExtensibilityGlobals) = postSolution
		SolutionGuid = {80C90DB3-41D6-4A02-B055-85E68581DBE9}
	EndGlobalSection
EndGlobal
