
Microsoft Visual Studio Solution File, Format Version 12.00
# Visual Studio Version 17
VisualStudioVersion = 17.5.002.0
MinimumVisualStudioVersion = 10.0.40219.1
Project("{9A19103F-16F7-4668-BE54-9A1E7A4F7556}") = "194-BASIC-Making-Six-Toast", "194-BASIC-Making-Six-Toast.csproj", "{33690D5F-DD1C-42A7-AEF6-781B0C3B724D}"
EndProject
Global
	GlobalSection(SolutionConfigurationPlatforms) = preSolution
		Debug|Any CPU = Debug|Any CPU
		Release|Any CPU = Release|Any CPU
	EndGlobalSection
	GlobalSection(ProjectConfigurationPlatforms) = postSolution
		{33690D5F-DD1C-42A7-AEF6-781B0C3B724D}.Debug|Any CPU.ActiveCfg = Debug|Any CPU
		{33690D5F-DD1C-42A7-AEF6-781B0C3B724D}.Debug|Any CPU.Build.0 = Debug|Any CPU
		{33690D5F-DD1C-42A7-AEF6-781B0C3B724D}.Release|Any CPU.ActiveCfg = Release|Any CPU
		{33690D5F-DD1C-42A7-AEF6-781B0C3B724D}.Release|Any CPU.Build.0 = Release|Any CPU
	EndGlobalSection
	GlobalSection(SolutionProperties) = preSolution
		HideSolutionNode = FALSE
	EndGlobalSection
	GlobalSection(ExtensibilityGlobals) = postSolution
		SolutionGuid = {8B9E3D05-3059-4B4A-AB4B-2CF39A605070}
	EndGlobalSection
EndGlobal
