
Microsoft Visual Studio Solution File, Format Version 12.00
# Visual Studio Version 17
VisualStudioVersion = 17.5.002.0
MinimumVisualStudioVersion = 10.0.40219.1
Project("{9A19103F-16F7-4668-BE54-9A1E7A4F7556}") = "579-How-many-e-mails-we-sent-today", "579-How-many-e-mails-we-sent-today.csproj", "{3CB8EF0E-2655-4774-B423-5569EA3C1F03}"
EndProject
Global
	GlobalSection(SolutionConfigurationPlatforms) = preSolution
		Debug|Any CPU = Debug|Any CPU
		Release|Any CPU = Release|Any CPU
	EndGlobalSection
	GlobalSection(ProjectConfigurationPlatforms) = postSolution
		{3CB8EF0E-2655-4774-B423-5569EA3C1F03}.Debug|Any CPU.ActiveCfg = Debug|Any CPU
		{3CB8EF0E-2655-4774-B423-5569EA3C1F03}.Debug|Any CPU.Build.0 = Debug|Any CPU
		{3CB8EF0E-2655-4774-B423-5569EA3C1F03}.Release|Any CPU.ActiveCfg = Release|Any CPU
		{3CB8EF0E-2655-4774-B423-5569EA3C1F03}.Release|Any CPU.Build.0 = Release|Any CPU
	EndGlobalSection
	GlobalSection(SolutionProperties) = preSolution
		HideSolutionNode = FALSE
	EndGlobalSection
	GlobalSection(ExtensibilityGlobals) = postSolution
		SolutionGuid = {8AC715B1-E3D3-4F4E-A4A6-62CCE2524575}
	EndGlobalSection
EndGlobal
