
Microsoft Visual Studio Solution File, Format Version 12.00
# Visual Studio Version 17
VisualStudioVersion = 17.5.002.0
MinimumVisualStudioVersion = 10.0.40219.1
Project("{9A19103F-16F7-4668-BE54-9A1E7A4F7556}") = "423-Elapsed-Seconds", "423-Elapsed-Seconds.csproj", "{ECE00BCF-0A71-4566-BBA8-56904EFD173D}"
EndProject
Global
	GlobalSection(SolutionConfigurationPlatforms) = preSolution
		Debug|Any CPU = Debug|Any CPU
		Release|Any CPU = Release|Any CPU
	EndGlobalSection
	GlobalSection(ProjectConfigurationPlatforms) = postSolution
		{ECE00BCF-0A71-4566-BBA8-56904EFD173D}.Debug|Any CPU.ActiveCfg = Debug|Any CPU
		{ECE00BCF-0A71-4566-BBA8-56904EFD173D}.Debug|Any CPU.Build.0 = Debug|Any CPU
		{ECE00BCF-0A71-4566-BBA8-56904EFD173D}.Release|Any CPU.ActiveCfg = Release|Any CPU
		{ECE00BCF-0A71-4566-BBA8-56904EFD173D}.Release|Any CPU.Build.0 = Release|Any CPU
	EndGlobalSection
	GlobalSection(SolutionProperties) = preSolution
		HideSolutionNode = FALSE
	EndGlobalSection
	GlobalSection(ExtensibilityGlobals) = postSolution
		SolutionGuid = {8F4E5534-3EC7-45B2-BFBD-38CEE43507F9}
	EndGlobalSection
EndGlobal
