
Microsoft Visual Studio Solution File, Format Version 12.00
# Visual Studio Version 17
VisualStudioVersion = 17.5.002.0
MinimumVisualStudioVersion = 10.0.40219.1
Project("{9A19103F-16F7-4668-BE54-9A1E7A4F7556}") = "320-Simple-equation-reversal", "320-Simple-equation-reversal.csproj", "{79FBE8CD-140F-4194-A8E0-7084EB7DB628}"
EndProject
Global
	GlobalSection(SolutionConfigurationPlatforms) = preSolution
		Debug|Any CPU = Debug|Any CPU
		Release|Any CPU = Release|Any CPU
	EndGlobalSection
	GlobalSection(ProjectConfigurationPlatforms) = postSolution
		{79FBE8CD-140F-4194-A8E0-7084EB7DB628}.Debug|Any CPU.ActiveCfg = Debug|Any CPU
		{79FBE8CD-140F-4194-A8E0-7084EB7DB628}.Debug|Any CPU.Build.0 = Debug|Any CPU
		{79FBE8CD-140F-4194-A8E0-7084EB7DB628}.Release|Any CPU.ActiveCfg = Release|Any CPU
		{79FBE8CD-140F-4194-A8E0-7084EB7DB628}.Release|Any CPU.Build.0 = Release|Any CPU
	EndGlobalSection
	GlobalSection(SolutionProperties) = preSolution
		HideSolutionNode = FALSE
	EndGlobalSection
	GlobalSection(ExtensibilityGlobals) = postSolution
		SolutionGuid = {610C9763-6763-443E-A467-5C78F4EBD330}
	EndGlobalSection
EndGlobal
