
Microsoft Visual Studio Solution File, Format Version 12.00
# Visual Studio Version 17
VisualStudioVersion = 17.5.002.0
MinimumVisualStudioVersion = 10.0.40219.1
Project("{9A19103F-16F7-4668-BE54-9A1E7A4F7556}") = "586-zero-balanced-Array", "586-zero-balanced-Array.csproj", "{B82C053F-57E4-4038-973E-42B46FB9383A}"
EndProject
Global
	GlobalSection(SolutionConfigurationPlatforms) = preSolution
		Debug|Any CPU = Debug|Any CPU
		Release|Any CPU = Release|Any CPU
	EndGlobalSection
	GlobalSection(ProjectConfigurationPlatforms) = postSolution
		{B82C053F-57E4-4038-973E-42B46FB9383A}.Debug|Any CPU.ActiveCfg = Debug|Any CPU
		{B82C053F-57E4-4038-973E-42B46FB9383A}.Debug|Any CPU.Build.0 = Debug|Any CPU
		{B82C053F-57E4-4038-973E-42B46FB9383A}.Release|Any CPU.ActiveCfg = Release|Any CPU
		{B82C053F-57E4-4038-973E-42B46FB9383A}.Release|Any CPU.Build.0 = Release|Any CPU
	EndGlobalSection
	GlobalSection(SolutionProperties) = preSolution
		HideSolutionNode = FALSE
	EndGlobalSection
	GlobalSection(ExtensibilityGlobals) = postSolution
		SolutionGuid = {522C63D4-B2DE-4A9D-8C82-CC3431716375}
	EndGlobalSection
EndGlobal
