
Microsoft Visual Studio Solution File, Format Version 12.00
# Visual Studio Version 17
VisualStudioVersion = 17.5.002.0
MinimumVisualStudioVersion = 10.0.40219.1
Project("{9A19103F-16F7-4668-BE54-9A1E7A4F7556}") = "138-Functional-Addition", "138-Functional-Addition.csproj", "{8E81EE01-76E2-4743-9241-4007F12A87FB}"
EndProject
Global
	GlobalSection(SolutionConfigurationPlatforms) = preSolution
		Debug|Any CPU = Debug|Any CPU
		Release|Any CPU = Release|Any CPU
	EndGlobalSection
	GlobalSection(ProjectConfigurationPlatforms) = postSolution
		{8E81EE01-76E2-4743-9241-4007F12A87FB}.Debug|Any CPU.ActiveCfg = Debug|Any CPU
		{8E81EE01-76E2-4743-9241-4007F12A87FB}.Debug|Any CPU.Build.0 = Debug|Any CPU
		{8E81EE01-76E2-4743-9241-4007F12A87FB}.Release|Any CPU.ActiveCfg = Release|Any CPU
		{8E81EE01-76E2-4743-9241-4007F12A87FB}.Release|Any CPU.Build.0 = Release|Any CPU
	EndGlobalSection
	GlobalSection(SolutionProperties) = preSolution
		HideSolutionNode = FALSE
	EndGlobalSection
	GlobalSection(ExtensibilityGlobals) = postSolution
		SolutionGuid = {C1417D1F-3DBE-4B2A-B650-EABA6D5F278C}
	EndGlobalSection
EndGlobal
