
Microsoft Visual Studio Solution File, Format Version 12.00
# Visual Studio Version 17
VisualStudioVersion = 17.5.002.0
MinimumVisualStudioVersion = 10.0.40219.1
Project("{9A19103F-16F7-4668-BE54-9A1E7A4F7556}") = "406-Thinkful-Object-Drills-Quarks", "406-Thinkful-Object-Drills-Quarks.csproj", "{FBDCFE7B-77A5-4372-AA5A-4F2EF1C7CE48}"
EndProject
Global
	GlobalSection(SolutionConfigurationPlatforms) = preSolution
		Debug|Any CPU = Debug|Any CPU
		Release|Any CPU = Release|Any CPU
	EndGlobalSection
	GlobalSection(ProjectConfigurationPlatforms) = postSolution
		{FBDCFE7B-77A5-4372-AA5A-4F2EF1C7CE48}.Debug|Any CPU.ActiveCfg = Debug|Any CPU
		{FBDCFE7B-77A5-4372-AA5A-4F2EF1C7CE48}.Debug|Any CPU.Build.0 = Debug|Any CPU
		{FBDCFE7B-77A5-4372-AA5A-4F2EF1C7CE48}.Release|Any CPU.ActiveCfg = Release|Any CPU
		{FBDCFE7B-77A5-4372-AA5A-4F2EF1C7CE48}.Release|Any CPU.Build.0 = Release|Any CPU
	EndGlobalSection
	GlobalSection(SolutionProperties) = preSolution
		HideSolutionNode = FALSE
	EndGlobalSection
	GlobalSection(ExtensibilityGlobals) = postSolution
		SolutionGuid = {5852ABB4-36E6-4280-AD58-43502B90EA4D}
	EndGlobalSection
EndGlobal
