
Microsoft Visual Studio Solution File, Format Version 12.00
# Visual Studio Version 17
VisualStudioVersion = 17.5.002.0
MinimumVisualStudioVersion = 10.0.40219.1
Project("{9A19103F-16F7-4668-BE54-9A1E7A4F7556}") = "018-Keep-Hydrated", "018-Keep-Hydrated.csproj", "{3C21AE58-F46F-437B-9036-8B1EA84BAD04}"
EndProject
Global
	GlobalSection(SolutionConfigurationPlatforms) = preSolution
		Debug|Any CPU = Debug|Any CPU
		Release|Any CPU = Release|Any CPU
	EndGlobalSection
	GlobalSection(ProjectConfigurationPlatforms) = postSolution
		{3C21AE58-F46F-437B-9036-8B1EA84BAD04}.Debug|Any CPU.ActiveCfg = Debug|Any CPU
		{3C21AE58-F46F-437B-9036-8B1EA84BAD04}.Debug|Any CPU.Build.0 = Debug|Any CPU
		{3C21AE58-F46F-437B-9036-8B1EA84BAD04}.Release|Any CPU.ActiveCfg = Release|Any CPU
		{3C21AE58-F46F-437B-9036-8B1EA84BAD04}.Release|Any CPU.Build.0 = Release|Any CPU
	EndGlobalSection
	GlobalSection(SolutionProperties) = preSolution
		HideSolutionNode = FALSE
	EndGlobalSection
	GlobalSection(ExtensibilityGlobals) = postSolution
		SolutionGuid = {8D75F451-40A6-4FB9-8918-070B185B1571}
	EndGlobalSection
EndGlobal
