
Microsoft Visual Studio Solution File, Format Version 12.00
# Visual Studio Version 17
VisualStudioVersion = 17.5.002.0
MinimumVisualStudioVersion = 10.0.40219.1
Project("{9A19103F-16F7-4668-BE54-9A1E7A4F7556}") = "091-Powers-of-2", "091-Powers-of-2.csproj", "{736194FB-D443-4274-AA4E-59D1CDF38F17}"
EndProject
Global
	GlobalSection(SolutionConfigurationPlatforms) = preSolution
		Debug|Any CPU = Debug|Any CPU
		Release|Any CPU = Release|Any CPU
	EndGlobalSection
	GlobalSection(ProjectConfigurationPlatforms) = postSolution
		{736194FB-D443-4274-AA4E-59D1CDF38F17}.Debug|Any CPU.ActiveCfg = Debug|Any CPU
		{736194FB-D443-4274-AA4E-59D1CDF38F17}.Debug|Any CPU.Build.0 = Debug|Any CPU
		{736194FB-D443-4274-AA4E-59D1CDF38F17}.Release|Any CPU.ActiveCfg = Release|Any CPU
		{736194FB-D443-4274-AA4E-59D1CDF38F17}.Release|Any CPU.Build.0 = Release|Any CPU
	EndGlobalSection
	GlobalSection(SolutionProperties) = preSolution
		HideSolutionNode = FALSE
	EndGlobalSection
	GlobalSection(ExtensibilityGlobals) = postSolution
		SolutionGuid = {7F0A69C4-527A-4E42-AA2A-553547266DD5}
	EndGlobalSection
EndGlobal
