
Microsoft Visual Studio Solution File, Format Version 12.00
# Visual Studio Version 17
VisualStudioVersion = 17.5.002.0
MinimumVisualStudioVersion = 10.0.40219.1
Project("{9A19103F-16F7-4668-BE54-9A1E7A4F7556}") = "336-Difference-between-years-Level-1", "336-Difference-between-years-Level-1.csproj", "{0183F7C0-2476-405A-87B3-2AA6C37D038D}"
EndProject
Global
	GlobalSection(SolutionConfigurationPlatforms) = preSolution
		Debug|Any CPU = Debug|Any CPU
		Release|Any CPU = Release|Any CPU
	EndGlobalSection
	GlobalSection(ProjectConfigurationPlatforms) = postSolution
		{0183F7C0-2476-405A-87B3-2AA6C37D038D}.Debug|Any CPU.ActiveCfg = Debug|Any CPU
		{0183F7C0-2476-405A-87B3-2AA6C37D038D}.Debug|Any CPU.Build.0 = Debug|Any CPU
		{0183F7C0-2476-405A-87B3-2AA6C37D038D}.Release|Any CPU.ActiveCfg = Release|Any CPU
		{0183F7C0-2476-405A-87B3-2AA6C37D038D}.Release|Any CPU.Build.0 = Release|Any CPU
	EndGlobalSection
	GlobalSection(SolutionProperties) = preSolution
		HideSolutionNode = FALSE
	EndGlobalSection
	GlobalSection(ExtensibilityGlobals) = postSolution
		SolutionGuid = {E86D3188-DF05-43B8-B7DA-BDCA1DDFD427}
	EndGlobalSection
EndGlobal
