
Microsoft Visual Studio Solution File, Format Version 12.00
# Visual Studio Version 17
VisualStudioVersion = 17.5.002.0
MinimumVisualStudioVersion = 10.0.40219.1
Project("{9A19103F-16F7-4668-BE54-9A1E7A4F7556}") = "574-Sub-array-elements-sum", "574-Sub-array-elements-sum.csproj", "{F6C1C85C-A372-452D-A1D4-DB62192EE24A}"
EndProject
Global
	GlobalSection(SolutionConfigurationPlatforms) = preSolution
		Debug|Any CPU = Debug|Any CPU
		Release|Any CPU = Release|Any CPU
	EndGlobalSection
	GlobalSection(ProjectConfigurationPlatforms) = postSolution
		{F6C1C85C-A372-452D-A1D4-DB62192EE24A}.Debug|Any CPU.ActiveCfg = Debug|Any CPU
		{F6C1C85C-A372-452D-A1D4-DB62192EE24A}.Debug|Any CPU.Build.0 = Debug|Any CPU
		{F6C1C85C-A372-452D-A1D4-DB62192EE24A}.Release|Any CPU.ActiveCfg = Release|Any CPU
		{F6C1C85C-A372-452D-A1D4-DB62192EE24A}.Release|Any CPU.Build.0 = Release|Any CPU
	EndGlobalSection
	GlobalSection(SolutionProperties) = preSolution
		HideSolutionNode = FALSE
	EndGlobalSection
	GlobalSection(ExtensibilityGlobals) = postSolution
		SolutionGuid = {7B4A1850-8232-4840-B6A3-FD30A51FEF7C}
	EndGlobalSection
EndGlobal
