
Microsoft Visual Studio Solution File, Format Version 12.00
# Visual Studio Version 17
VisualStudioVersion = 17.5.002.0
MinimumVisualStudioVersion = 10.0.40219.1
Project("{9A19103F-16F7-4668-BE54-9A1E7A4F7556}") = "393-Find-array", "393-Find-array.csproj", "{BA2DC1EA-52D3-40A6-981D-FD23DC53FD45}"
EndProject
Global
	GlobalSection(SolutionConfigurationPlatforms) = preSolution
		Debug|Any CPU = Debug|Any CPU
		Release|Any CPU = Release|Any CPU
	EndGlobalSection
	GlobalSection(ProjectConfigurationPlatforms) = postSolution
		{BA2DC1EA-52D3-40A6-981D-FD23DC53FD45}.Debug|Any CPU.ActiveCfg = Debug|Any CPU
		{BA2DC1EA-52D3-40A6-981D-FD23DC53FD45}.Debug|Any CPU.Build.0 = Debug|Any CPU
		{BA2DC1EA-52D3-40A6-981D-FD23DC53FD45}.Release|Any CPU.ActiveCfg = Release|Any CPU
		{BA2DC1EA-52D3-40A6-981D-FD23DC53FD45}.Release|Any CPU.Build.0 = Release|Any CPU
	EndGlobalSection
	GlobalSection(SolutionProperties) = preSolution
		HideSolutionNode = FALSE
	EndGlobalSection
	GlobalSection(ExtensibilityGlobals) = postSolution
		SolutionGuid = {ED9FB2EF-746B-460C-AD9E-28CE8E445AC5}
	EndGlobalSection
EndGlobal
