
Microsoft Visual Studio Solution File, Format Version 12.00
# Visual Studio Version 17
VisualStudioVersion = 17.5.002.0
MinimumVisualStudioVersion = 10.0.40219.1
Project("{9A19103F-16F7-4668-BE54-9A1E7A4F7556}") = "354-Ce-s-r-d-Strings", "354-Ce-s-r-d-Strings.csproj", "{CBD4B962-3A58-409F-9A8B-4920E425EA55}"
EndProject
Global
	GlobalSection(SolutionConfigurationPlatforms) = preSolution
		Debug|Any CPU = Debug|Any CPU
		Release|Any CPU = Release|Any CPU
	EndGlobalSection
	GlobalSection(ProjectConfigurationPlatforms) = postSolution
		{CBD4B962-3A58-409F-9A8B-4920E425EA55}.Debug|Any CPU.ActiveCfg = Debug|Any CPU
		{CBD4B962-3A58-409F-9A8B-4920E425EA55}.Debug|Any CPU.Build.0 = Debug|Any CPU
		{CBD4B962-3A58-409F-9A8B-4920E425EA55}.Release|Any CPU.ActiveCfg = Release|Any CPU
		{CBD4B962-3A58-409F-9A8B-4920E425EA55}.Release|Any CPU.Build.0 = Release|Any CPU
	EndGlobalSection
	GlobalSection(SolutionProperties) = preSolution
		HideSolutionNode = FALSE
	EndGlobalSection
	GlobalSection(ExtensibilityGlobals) = postSolution
		SolutionGuid = {913A28D6-463F-47CA-986F-CA2170A3A514}
	EndGlobalSection
EndGlobal
