
Microsoft Visual Studio Solution File, Format Version 12.00
# Visual Studio Version 17
VisualStudioVersion = 17.5.002.0
MinimumVisualStudioVersion = 10.0.40219.1
Project("{9A19103F-16F7-4668-BE54-9A1E7A4F7556}") = "241-Fuel-Calculator-Total-Cost", "241-Fuel-Calculator-Total-Cost.csproj", "{A0AEC0D7-4EC2-4930-885E-ED22BBDEA80C}"
EndProject
Global
	GlobalSection(SolutionConfigurationPlatforms) = preSolution
		Debug|Any CPU = Debug|Any CPU
		Release|Any CPU = Release|Any CPU
	EndGlobalSection
	GlobalSection(ProjectConfigurationPlatforms) = postSolution
		{A0AEC0D7-4EC2-4930-885E-ED22BBDEA80C}.Debug|Any CPU.ActiveCfg = Debug|Any CPU
		{A0AEC0D7-4EC2-4930-885E-ED22BBDEA80C}.Debug|Any CPU.Build.0 = Debug|Any CPU
		{A0AEC0D7-4EC2-4930-885E-ED22BBDEA80C}.Release|Any CPU.ActiveCfg = Release|Any CPU
		{A0AEC0D7-4EC2-4930-885E-ED22BBDEA80C}.Release|Any CPU.Build.0 = Release|Any CPU
	EndGlobalSection
	GlobalSection(SolutionProperties) = preSolution
		HideSolutionNode = FALSE
	EndGlobalSection
	GlobalSection(ExtensibilityGlobals) = postSolution
		SolutionGuid = {0FFED0EA-4334-4F63-8DD5-467762CF1D5C}
	EndGlobalSection
EndGlobal
