
Microsoft Visual Studio Solution File, Format Version 12.00
# Visual Studio Version 17
VisualStudioVersion = 17.5.002.0
MinimumVisualStudioVersion = 10.0.40219.1
Project("{9A19103F-16F7-4668-BE54-9A1E7A4F7556}") = "398-Ones-Complement", "398-Ones-Complement.csproj", "{D250D8C4-BACA-41D9-88B7-B11F7CEF20B3}"
EndProject
Global
	GlobalSection(SolutionConfigurationPlatforms) = preSolution
		Debug|Any CPU = Debug|Any CPU
		Release|Any CPU = Release|Any CPU
	EndGlobalSection
	GlobalSection(ProjectConfigurationPlatforms) = postSolution
		{D250D8C4-BACA-41D9-88B7-B11F7CEF20B3}.Debug|Any CPU.ActiveCfg = Debug|Any CPU
		{D250D8C4-BACA-41D9-88B7-B11F7CEF20B3}.Debug|Any CPU.Build.0 = Debug|Any CPU
		{D250D8C4-BACA-41D9-88B7-B11F7CEF20B3}.Release|Any CPU.ActiveCfg = Release|Any CPU
		{D250D8C4-BACA-41D9-88B7-B11F7CEF20B3}.Release|Any CPU.Build.0 = Release|Any CPU
	EndGlobalSection
	GlobalSection(SolutionProperties) = preSolution
		HideSolutionNode = FALSE
	EndGlobalSection
	GlobalSection(ExtensibilityGlobals) = postSolution
		SolutionGuid = {BCE5EA62-D4B1-46FF-82A1-7DB9A86E9524}
	EndGlobalSection
EndGlobal
