
Microsoft Visual Studio Solution File, Format Version 12.00
# Visual Studio Version 17
VisualStudioVersion = 17.5.002.0
MinimumVisualStudioVersion = 10.0.40219.1
Project("{9A19103F-16F7-4668-BE54-9A1E7A4F7556}") = "303-The-Poet-And-The-Pendulum", "303-The-Poet-And-The-Pendulum.csproj", "{A734582E-E636-4823-A76C-0FC0171C888D}"
EndProject
Global
	GlobalSection(SolutionConfigurationPlatforms) = preSolution
		Debug|Any CPU = Debug|Any CPU
		Release|Any CPU = Release|Any CPU
	EndGlobalSection
	GlobalSection(ProjectConfigurationPlatforms) = postSolution
		{A734582E-E636-4823-A76C-0FC0171C888D}.Debug|Any CPU.ActiveCfg = Debug|Any CPU
		{A734582E-E636-4823-A76C-0FC0171C888D}.Debug|Any CPU.Build.0 = Debug|Any CPU
		{A734582E-E636-4823-A76C-0FC0171C888D}.Release|Any CPU.ActiveCfg = Release|Any CPU
		{A734582E-E636-4823-A76C-0FC0171C888D}.Release|Any CPU.Build.0 = Release|Any CPU
	EndGlobalSection
	GlobalSection(SolutionProperties) = preSolution
		HideSolutionNode = FALSE
	EndGlobalSection
	GlobalSection(ExtensibilityGlobals) = postSolution
		SolutionGuid = {1EF26E76-484D-41A2-AAD0-FB71D8CE76ED}
	EndGlobalSection
EndGlobal
