
Microsoft Visual Studio Solution File, Format Version 12.00
# Visual Studio Version 17
VisualStudioVersion = 17.5.002.0
MinimumVisualStudioVersion = 10.0.40219.1
Project("{9A19103F-16F7-4668-BE54-9A1E7A4F7556}") = "066-Count-the-Monkeys", "066-Count-the-Monkeys.csproj", "{315B9C49-9103-4CE2-90DB-BB6222AAB44D}"
EndProject
Global
	GlobalSection(SolutionConfigurationPlatforms) = preSolution
		Debug|Any CPU = Debug|Any CPU
		Release|Any CPU = Release|Any CPU
	EndGlobalSection
	GlobalSection(ProjectConfigurationPlatforms) = postSolution
		{315B9C49-9103-4CE2-90DB-BB6222AAB44D}.Debug|Any CPU.ActiveCfg = Debug|Any CPU
		{315B9C49-9103-4CE2-90DB-BB6222AAB44D}.Debug|Any CPU.Build.0 = Debug|Any CPU
		{315B9C49-9103-4CE2-90DB-BB6222AAB44D}.Release|Any CPU.ActiveCfg = Release|Any CPU
		{315B9C49-9103-4CE2-90DB-BB6222AAB44D}.Release|Any CPU.Build.0 = Release|Any CPU
	EndGlobalSection
	GlobalSection(SolutionProperties) = preSolution
		HideSolutionNode = FALSE
	EndGlobalSection
	GlobalSection(ExtensibilityGlobals) = postSolution
		SolutionGuid = {92D580C3-8004-49E0-9065-99C85D392B51}
	EndGlobalSection
EndGlobal
