
Microsoft Visual Studio Solution File, Format Version 12.00
# Visual Studio Version 17
VisualStudioVersion = 17.5.002.0
MinimumVisualStudioVersion = 10.0.40219.1
Project("{9A19103F-16F7-4668-BE54-9A1E7A4F7556}") = "275-Filtering-even-numbers-Bug-Fixes", "275-Filtering-even-numbers-Bug-Fixes.csproj", "{AFDD9145-39E7-466D-BC3B-1BE137174BA9}"
EndProject
Global
	GlobalSection(SolutionConfigurationPlatforms) = preSolution
		Debug|Any CPU = Debug|Any CPU
		Release|Any CPU = Release|Any CPU
	EndGlobalSection
	GlobalSection(ProjectConfigurationPlatforms) = postSolution
		{AFDD9145-39E7-466D-BC3B-1BE137174BA9}.Debug|Any CPU.ActiveCfg = Debug|Any CPU
		{AFDD9145-39E7-466D-BC3B-1BE137174BA9}.Debug|Any CPU.Build.0 = Debug|Any CPU
		{AFDD9145-39E7-466D-BC3B-1BE137174BA9}.Release|Any CPU.ActiveCfg = Release|Any CPU
		{AFDD9145-39E7-466D-BC3B-1BE137174BA9}.Release|Any CPU.Build.0 = Release|Any CPU
	EndGlobalSection
	GlobalSection(SolutionProperties) = preSolution
		HideSolutionNode = FALSE
	EndGlobalSection
	GlobalSection(ExtensibilityGlobals) = postSolution
		SolutionGuid = {8A3C94B0-FF8A-4C96-A24E-7405AE7A27BC}
	EndGlobalSection
EndGlobal
