
Microsoft Visual Studio Solution File, Format Version 12.00
# Visual Studio Version 17
VisualStudioVersion = 17.5.002.0
MinimumVisualStudioVersion = 10.0.40219.1
Project("{9A19103F-16F7-4668-BE54-9A1E7A4F7556}") = "327-Histogram-H1", "327-Histogram-H1.csproj", "{9BA5132D-54BF-4BD1-978F-2A229DA13486}"
EndProject
Global
	GlobalSection(SolutionConfigurationPlatforms) = preSolution
		Debug|Any CPU = Debug|Any CPU
		Release|Any CPU = Release|Any CPU
	EndGlobalSection
	GlobalSection(ProjectConfigurationPlatforms) = postSolution
		{9BA5132D-54BF-4BD1-978F-2A229DA13486}.Debug|Any CPU.ActiveCfg = Debug|Any CPU
		{9BA5132D-54BF-4BD1-978F-2A229DA13486}.Debug|Any CPU.Build.0 = Debug|Any CPU
		{9BA5132D-54BF-4BD1-978F-2A229DA13486}.Release|Any CPU.ActiveCfg = Release|Any CPU
		{9BA5132D-54BF-4BD1-978F-2A229DA13486}.Release|Any CPU.Build.0 = Release|Any CPU
	EndGlobalSection
	GlobalSection(SolutionProperties) = preSolution
		HideSolutionNode = FALSE
	EndGlobalSection
	GlobalSection(ExtensibilityGlobals) = postSolution
		SolutionGuid = {6821C367-9676-4D70-8357-73C9B9527ECE}
	EndGlobalSection
EndGlobal
