
Microsoft Visual Studio Solution File, Format Version 12.00
# Visual Studio Version 17
VisualStudioVersion = 17.5.002.0
MinimumVisualStudioVersion = 10.0.40219.1
Project("{9A19103F-16F7-4668-BE54-9A1E7A4F7556}") = "141-Generate-range-of-integers", "141-Generate-range-of-integers.csproj", "{8ED4BA33-56F6-4CDC-9420-1AAD3F06721E}"
EndProject
Global
	GlobalSection(SolutionConfigurationPlatforms) = preSolution
		Debug|Any CPU = Debug|Any CPU
		Release|Any CPU = Release|Any CPU
	EndGlobalSection
	GlobalSection(ProjectConfigurationPlatforms) = postSolution
		{8ED4BA33-56F6-4CDC-9420-1AAD3F06721E}.Debug|Any CPU.ActiveCfg = Debug|Any CPU
		{8ED4BA33-56F6-4CDC-9420-1AAD3F06721E}.Debug|Any CPU.Build.0 = Debug|Any CPU
		{8ED4BA33-56F6-4CDC-9420-1AAD3F06721E}.Release|Any CPU.ActiveCfg = Release|Any CPU
		{8ED4BA33-56F6-4CDC-9420-1AAD3F06721E}.Release|Any CPU.Build.0 = Release|Any CPU
	EndGlobalSection
	GlobalSection(SolutionProperties) = preSolution
		HideSolutionNode = FALSE
	EndGlobalSection
	GlobalSection(ExtensibilityGlobals) = postSolution
		SolutionGuid = {C12D5460-9CC3-4645-A00D-D3765301189D}
	EndGlobalSection
EndGlobal
