
Microsoft Visual Studio Solution File, Format Version 12.00
# Visual Studio Version 17
VisualStudioVersion = 17.5.002.0
MinimumVisualStudioVersion = 10.0.40219.1
Project("{9A19103F-16F7-4668-BE54-9A1E7A4F7556}") = "060-Maximum-Multiple", "060-Maximum-Multiple.csproj", "{ECBF4352-EFEC-43E1-AA4A-4203A84B0850}"
EndProject
Global
	GlobalSection(SolutionConfigurationPlatforms) = preSolution
		Debug|Any CPU = Debug|Any CPU
		Release|Any CPU = Release|Any CPU
	EndGlobalSection
	GlobalSection(ProjectConfigurationPlatforms) = postSolution
		{ECBF4352-EFEC-43E1-AA4A-4203A84B0850}.Debug|Any CPU.ActiveCfg = Debug|Any CPU
		{ECBF4352-EFEC-43E1-AA4A-4203A84B0850}.Debug|Any CPU.Build.0 = Debug|Any CPU
		{ECBF4352-EFEC-43E1-AA4A-4203A84B0850}.Release|Any CPU.ActiveCfg = Release|Any CPU
		{ECBF4352-EFEC-43E1-AA4A-4203A84B0850}.Release|Any CPU.Build.0 = Release|Any CPU
	EndGlobalSection
	GlobalSection(SolutionProperties) = preSolution
		HideSolutionNode = FALSE
	EndGlobalSection
	GlobalSection(ExtensibilityGlobals) = postSolution
		SolutionGuid = {C492C0CD-EFAE-4A0F-8357-86E2DEF933A2}
	EndGlobalSection
EndGlobal
