
Microsoft Visual Studio Solution File, Format Version 12.00
# Visual Studio Version 17
VisualStudioVersion = 17.5.002.0
MinimumVisualStudioVersion = 10.0.40219.1
Project("{9A19103F-16F7-4668-BE54-9A1E7A4F7556}") = "241-How-many-consecutive-numbers-are-needed", "241-How-many-consecutive-numbers-are-needed.csproj", "{5D78B7CD-AED9-48FB-B1DD-3F1455586528}"
EndProject
Global
	GlobalSection(SolutionConfigurationPlatforms) = preSolution
		Debug|Any CPU = Debug|Any CPU
		Release|Any CPU = Release|Any CPU
	EndGlobalSection
	GlobalSection(ProjectConfigurationPlatforms) = postSolution
		{5D78B7CD-AED9-48FB-B1DD-3F1455586528}.Debug|Any CPU.ActiveCfg = Debug|Any CPU
		{5D78B7CD-AED9-48FB-B1DD-3F1455586528}.Debug|Any CPU.Build.0 = Debug|Any CPU
		{5D78B7CD-AED9-48FB-B1DD-3F1455586528}.Release|Any CPU.ActiveCfg = Release|Any CPU
		{5D78B7CD-AED9-48FB-B1DD-3F1455586528}.Release|Any CPU.Build.0 = Release|Any CPU
	EndGlobalSection
	GlobalSection(SolutionProperties) = preSolution
		HideSolutionNode = FALSE
	EndGlobalSection
	GlobalSection(ExtensibilityGlobals) = postSolution
		SolutionGuid = {B3190779-03F5-41FE-AD3D-614E2FFE9489}
	EndGlobalSection
EndGlobal
