
Microsoft Visual Studio Solution File, Format Version 12.00
# Visual Studio Version 17
VisualStudioVersion = 17.5.002.0
MinimumVisualStudioVersion = 10.0.40219.1
Project("{9A19103F-16F7-4668-BE54-9A1E7A4F7556}") = "429-Sushi-go-round-Beginners", "429-Sushi-go-round-Beginners.csproj", "{5F41C785-31E0-400B-811E-796129C7DEAE}"
EndProject
Global
	GlobalSection(SolutionConfigurationPlatforms) = preSolution
		Debug|Any CPU = Debug|Any CPU
		Release|Any CPU = Release|Any CPU
	EndGlobalSection
	GlobalSection(ProjectConfigurationPlatforms) = postSolution
		{5F41C785-31E0-400B-811E-796129C7DEAE}.Debug|Any CPU.ActiveCfg = Debug|Any CPU
		{5F41C785-31E0-400B-811E-796129C7DEAE}.Debug|Any CPU.Build.0 = Debug|Any CPU
		{5F41C785-31E0-400B-811E-796129C7DEAE}.Release|Any CPU.ActiveCfg = Release|Any CPU
		{5F41C785-31E0-400B-811E-796129C7DEAE}.Release|Any CPU.Build.0 = Release|Any CPU
	EndGlobalSection
	GlobalSection(SolutionProperties) = preSolution
		HideSolutionNode = FALSE
	EndGlobalSection
	GlobalSection(ExtensibilityGlobals) = postSolution
		SolutionGuid = {BA48AE1D-AF1C-4551-B82B-E999D3401F8E}
	EndGlobalSection
EndGlobal
