
Microsoft Visual Studio Solution File, Format Version 12.00
# Visual Studio Version 17
VisualStudioVersion = 17.5.002.0
MinimumVisualStudioVersion = 10.0.40219.1
Project("{9A19103F-16F7-4668-BE54-9A1E7A4F7556}") = "557-Equalize-the-array", "557-Equalize-the-array.csproj", "{7E4D179B-D823-4111-AD05-284E17A0A82C}"
EndProject
Global
	GlobalSection(SolutionConfigurationPlatforms) = preSolution
		Debug|Any CPU = Debug|Any CPU
		Release|Any CPU = Release|Any CPU
	EndGlobalSection
	GlobalSection(ProjectConfigurationPlatforms) = postSolution
		{7E4D179B-D823-4111-AD05-284E17A0A82C}.Debug|Any CPU.ActiveCfg = Debug|Any CPU
		{7E4D179B-D823-4111-AD05-284E17A0A82C}.Debug|Any CPU.Build.0 = Debug|Any CPU
		{7E4D179B-D823-4111-AD05-284E17A0A82C}.Release|Any CPU.ActiveCfg = Release|Any CPU
		{7E4D179B-D823-4111-AD05-284E17A0A82C}.Release|Any CPU.Build.0 = Release|Any CPU
	EndGlobalSection
	GlobalSection(SolutionProperties) = preSolution
		HideSolutionNode = FALSE
	EndGlobalSection
	GlobalSection(ExtensibilityGlobals) = postSolution
		SolutionGuid = {BC7BE1BE-A5C7-468D-831D-256FAC3499AD}
	EndGlobalSection
EndGlobal
