
Microsoft Visual Studio Solution File, Format Version 12.00
# Visual Studio Version 17
VisualStudioVersion = 17.5.002.0
MinimumVisualStudioVersion = 10.0.40219.1
Project("{9A19103F-16F7-4668-BE54-9A1E7A4F7556}") = "438-Find-Fibonacci-last-digit", "438-Find-Fibonacci-last-digit.csproj", "{0BCFF14C-1AC1-49D8-B671-681D7ECA27E2}"
EndProject
Global
	GlobalSection(SolutionConfigurationPlatforms) = preSolution
		Debug|Any CPU = Debug|Any CPU
		Release|Any CPU = Release|Any CPU
	EndGlobalSection
	GlobalSection(ProjectConfigurationPlatforms) = postSolution
		{0BCFF14C-1AC1-49D8-B671-681D7ECA27E2}.Debug|Any CPU.ActiveCfg = Debug|Any CPU
		{0BCFF14C-1AC1-49D8-B671-681D7ECA27E2}.Debug|Any CPU.Build.0 = Debug|Any CPU
		{0BCFF14C-1AC1-49D8-B671-681D7ECA27E2}.Release|Any CPU.ActiveCfg = Release|Any CPU
		{0BCFF14C-1AC1-49D8-B671-681D7ECA27E2}.Release|Any CPU.Build.0 = Release|Any CPU
	EndGlobalSection
	GlobalSection(SolutionProperties) = preSolution
		HideSolutionNode = FALSE
	EndGlobalSection
	GlobalSection(ExtensibilityGlobals) = postSolution
		SolutionGuid = {144FB171-2655-4B8B-A30D-BA711216EE5D}
	EndGlobalSection
EndGlobal
