
Microsoft Visual Studio Solution File, Format Version 12.00
# Visual Studio Version 17
VisualStudioVersion = 17.5.002.0
MinimumVisualStudioVersion = 10.0.40219.1
Project("{9A19103F-16F7-4668-BE54-9A1E7A4F7556}") = "306-Number-Pairs", "306-Number-Pairs.csproj", "{00198F0A-C307-4BD0-9A0D-CC291DD6F952}"
EndProject
Global
	GlobalSection(SolutionConfigurationPlatforms) = preSolution
		Debug|Any CPU = Debug|Any CPU
		Release|Any CPU = Release|Any CPU
	EndGlobalSection
	GlobalSection(ProjectConfigurationPlatforms) = postSolution
		{00198F0A-C307-4BD0-9A0D-CC291DD6F952}.Debug|Any CPU.ActiveCfg = Debug|Any CPU
		{00198F0A-C307-4BD0-9A0D-CC291DD6F952}.Debug|Any CPU.Build.0 = Debug|Any CPU
		{00198F0A-C307-4BD0-9A0D-CC291DD6F952}.Release|Any CPU.ActiveCfg = Release|Any CPU
		{00198F0A-C307-4BD0-9A0D-CC291DD6F952}.Release|Any CPU.Build.0 = Release|Any CPU
	EndGlobalSection
	GlobalSection(SolutionProperties) = preSolution
		HideSolutionNode = FALSE
	EndGlobalSection
	GlobalSection(ExtensibilityGlobals) = postSolution
		SolutionGuid = {2D98D239-0C13-4078-BD74-6AB69EB8B6CB}
	EndGlobalSection
EndGlobal
