
Microsoft Visual Studio Solution File, Format Version 12.00
# Visual Studio Version 17
VisualStudioVersion = 17.5.002.0
MinimumVisualStudioVersion = 10.0.40219.1
Project("{9A19103F-16F7-4668-BE54-9A1E7A4F7556}") = "146-Remove-duplicates-from-list", "146-Remove-duplicates-from-list.csproj", "{3B129C75-E841-4145-9571-34DD4474A5EA}"
EndProject
Global
	GlobalSection(SolutionConfigurationPlatforms) = preSolution
		Debug|Any CPU = Debug|Any CPU
		Release|Any CPU = Release|Any CPU
	EndGlobalSection
	GlobalSection(ProjectConfigurationPlatforms) = postSolution
		{3B129C75-E841-4145-9571-34DD4474A5EA}.Debug|Any CPU.ActiveCfg = Debug|Any CPU
		{3B129C75-E841-4145-9571-34DD4474A5EA}.Debug|Any CPU.Build.0 = Debug|Any CPU
		{3B129C75-E841-4145-9571-34DD4474A5EA}.Release|Any CPU.ActiveCfg = Release|Any CPU
		{3B129C75-E841-4145-9571-34DD4474A5EA}.Release|Any CPU.Build.0 = Release|Any CPU
	EndGlobalSection
	GlobalSection(SolutionProperties) = preSolution
		HideSolutionNode = FALSE
	EndGlobalSection
	GlobalSection(ExtensibilityGlobals) = postSolution
		SolutionGuid = {CCBACE44-E682-407C-95D3-862227865772}
	EndGlobalSection
EndGlobal
