
Microsoft Visual Studio Solution File, Format Version 12.00
# Visual Studio Version 17
VisualStudioVersion = 17.5.002.0
MinimumVisualStudioVersion = 10.0.40219.1
Project("{9A19103F-16F7-4668-BE54-9A1E7A4F7556}") = "324-Simple-Fun-10-Range-Bit-Counting", "324-Simple-Fun-10-Range-Bit-Counting.csproj", "{7567FB22-8003-49D1-B85F-8774F153ED4C}"
EndProject
Global
	GlobalSection(SolutionConfigurationPlatforms) = preSolution
		Debug|Any CPU = Debug|Any CPU
		Release|Any CPU = Release|Any CPU
	EndGlobalSection
	GlobalSection(ProjectConfigurationPlatforms) = postSolution
		{7567FB22-8003-49D1-B85F-8774F153ED4C}.Debug|Any CPU.ActiveCfg = Debug|Any CPU
		{7567FB22-8003-49D1-B85F-8774F153ED4C}.Debug|Any CPU.Build.0 = Debug|Any CPU
		{7567FB22-8003-49D1-B85F-8774F153ED4C}.Release|Any CPU.ActiveCfg = Release|Any CPU
		{7567FB22-8003-49D1-B85F-8774F153ED4C}.Release|Any CPU.Build.0 = Release|Any CPU
	EndGlobalSection
	GlobalSection(SolutionProperties) = preSolution
		HideSolutionNode = FALSE
	EndGlobalSection
	GlobalSection(ExtensibilityGlobals) = postSolution
		SolutionGuid = {610317E1-FD21-481A-80D7-052320D15F82}
	EndGlobalSection
EndGlobal
