
Microsoft Visual Studio Solution File, Format Version 12.00
# Visual Studio Version 17
VisualStudioVersion = 17.5.002.0
MinimumVisualStudioVersion = 10.0.40219.1
Project("{9A19103F-16F7-4668-BE54-9A1E7A4F7556}") = "193-Exclamation-marks-series-6-Remove-n-exclamation-marks", "193-Exclamation-marks-series-6-Remove-n-exclamation-marks.csproj", "{4BFE43C6-1A60-4601-85CC-862BB321E8D1}"
EndProject
Global
	GlobalSection(SolutionConfigurationPlatforms) = preSolution
		Debug|Any CPU = Debug|Any CPU
		Release|Any CPU = Release|Any CPU
	EndGlobalSection
	GlobalSection(ProjectConfigurationPlatforms) = postSolution
		{4BFE43C6-1A60-4601-85CC-862BB321E8D1}.Debug|Any CPU.ActiveCfg = Debug|Any CPU
		{4BFE43C6-1A60-4601-85CC-862BB321E8D1}.Debug|Any CPU.Build.0 = Debug|Any CPU
		{4BFE43C6-1A60-4601-85CC-862BB321E8D1}.Release|Any CPU.ActiveCfg = Release|Any CPU
		{4BFE43C6-1A60-4601-85CC-862BB321E8D1}.Release|Any CPU.Build.0 = Release|Any CPU
	EndGlobalSection
	GlobalSection(SolutionProperties) = preSolution
		HideSolutionNode = FALSE
	EndGlobalSection
	GlobalSection(ExtensibilityGlobals) = postSolution
		SolutionGuid = {88C5011C-BABB-43BD-8FA4-991A184730C2}
	EndGlobalSection
EndGlobal
