
Microsoft Visual Studio Solution File, Format Version 12.00
# Visual Studio Version 17
VisualStudioVersion = 17.5.002.0
MinimumVisualStudioVersion = 10.0.40219.1
Project("{9A19103F-16F7-4668-BE54-9A1E7A4F7556}") = "544-Regexp-Basics-is-it-a-eight-bit-unsigned-number", "544-Regexp-Basics-is-it-a-eight-bit-unsigned-number.csproj", "{7926FCFA-6844-47CE-B76A-66FD9CCDF8A3}"
EndProject
Global
	GlobalSection(SolutionConfigurationPlatforms) = preSolution
		Debug|Any CPU = Debug|Any CPU
		Release|Any CPU = Release|Any CPU
	EndGlobalSection
	GlobalSection(ProjectConfigurationPlatforms) = postSolution
		{7926FCFA-6844-47CE-B76A-66FD9CCDF8A3}.Debug|Any CPU.ActiveCfg = Debug|Any CPU
		{7926FCFA-6844-47CE-B76A-66FD9CCDF8A3}.Debug|Any CPU.Build.0 = Debug|Any CPU
		{7926FCFA-6844-47CE-B76A-66FD9CCDF8A3}.Release|Any CPU.ActiveCfg = Release|Any CPU
		{7926FCFA-6844-47CE-B76A-66FD9CCDF8A3}.Release|Any CPU.Build.0 = Release|Any CPU
	EndGlobalSection
	GlobalSection(SolutionProperties) = preSolution
		HideSolutionNode = FALSE
	EndGlobalSection
	GlobalSection(ExtensibilityGlobals) = postSolution
		SolutionGuid = {1588DF57-E2AE-432B-88A8-0F2A9C69C485}
	EndGlobalSection
EndGlobal
