
Microsoft Visual Studio Solution File, Format Version 12.00
# Visual Studio Version 17
VisualStudioVersion = 17.5.002.0
MinimumVisualStudioVersion = 10.0.40219.1
Project("{9A19103F-16F7-4668-BE54-9A1E7A4F7556}") = "463-Common-Substrings", "463-Common-Substrings.csproj", "{E4681C4E-AF3B-4ED6-B190-AD07E5A3BBCA}"
EndProject
Global
	GlobalSection(SolutionConfigurationPlatforms) = preSolution
		Debug|Any CPU = Debug|Any CPU
		Release|Any CPU = Release|Any CPU
	EndGlobalSection
	GlobalSection(ProjectConfigurationPlatforms) = postSolution
		{E4681C4E-AF3B-4ED6-B190-AD07E5A3BBCA}.Debug|Any CPU.ActiveCfg = Debug|Any CPU
		{E4681C4E-AF3B-4ED6-B190-AD07E5A3BBCA}.Debug|Any CPU.Build.0 = Debug|Any CPU
		{E4681C4E-AF3B-4ED6-B190-AD07E5A3BBCA}.Release|Any CPU.ActiveCfg = Release|Any CPU
		{E4681C4E-AF3B-4ED6-B190-AD07E5A3BBCA}.Release|Any CPU.Build.0 = Release|Any CPU
	EndGlobalSection
	GlobalSection(SolutionProperties) = preSolution
		HideSolutionNode = FALSE
	EndGlobalSection
	GlobalSection(ExtensibilityGlobals) = postSolution
		SolutionGuid = {8DF0858B-D659-49A4-B5D4-BF096B4B3EBA}
	EndGlobalSection
EndGlobal
