
Microsoft Visual Studio Solution File, Format Version 12.00
# Visual Studio Version 17
VisualStudioVersion = 17.5.002.0
MinimumVisualStudioVersion = 10.0.40219.1
Project("{9A19103F-16F7-4668-BE54-9A1E7A4F7556}") = "347-Simple-Fun-63-Shape-Area", "347-Simple-Fun-63-Shape-Area.csproj", "{102E8EE5-1382-4E63-AF09-169F055A1948}"
EndProject
Global
	GlobalSection(SolutionConfigurationPlatforms) = preSolution
		Debug|Any CPU = Debug|Any CPU
		Release|Any CPU = Release|Any CPU
	EndGlobalSection
	GlobalSection(ProjectConfigurationPlatforms) = postSolution
		{102E8EE5-1382-4E63-AF09-169F055A1948}.Debug|Any CPU.ActiveCfg = Debug|Any CPU
		{102E8EE5-1382-4E63-AF09-169F055A1948}.Debug|Any CPU.Build.0 = Debug|Any CPU
		{102E8EE5-1382-4E63-AF09-169F055A1948}.Release|Any CPU.ActiveCfg = Release|Any CPU
		{102E8EE5-1382-4E63-AF09-169F055A1948}.Release|Any CPU.Build.0 = Release|Any CPU
	EndGlobalSection
	GlobalSection(SolutionProperties) = preSolution
		HideSolutionNode = FALSE
	EndGlobalSection
	GlobalSection(ExtensibilityGlobals) = postSolution
		SolutionGuid = {2D65B259-36E0-4D48-8E39-16937229843E}
	EndGlobalSection
EndGlobal
