
Microsoft Visual Studio Solution File, Format Version 12.00
# Visual Studio Version 17
VisualStudioVersion = 17.5.002.0
MinimumVisualStudioVersion = 10.0.40219.1
Project("{9A19103F-16F7-4668-BE54-9A1E7A4F7556}") = "315-Exclamation-marks-series-3-Remove-all-exclamation-marks", "315-Exclamation-marks-series-3-Remove-all-exclamation-marks.csproj", "{F160C467-8621-4E21-817D-7AB2778E0393}"
EndProject
Global
	GlobalSection(SolutionConfigurationPlatforms) = preSolution
		Debug|Any CPU = Debug|Any CPU
		Release|Any CPU = Release|Any CPU
	EndGlobalSection
	GlobalSection(ProjectConfigurationPlatforms) = postSolution
		{F160C467-8621-4E21-817D-7AB2778E0393}.Debug|Any CPU.ActiveCfg = Debug|Any CPU
		{F160C467-8621-4E21-817D-7AB2778E0393}.Debug|Any CPU.Build.0 = Debug|Any CPU
		{F160C467-8621-4E21-817D-7AB2778E0393}.Release|Any CPU.ActiveCfg = Release|Any CPU
		{F160C467-8621-4E21-817D-7AB2778E0393}.Release|Any CPU.Build.0 = Release|Any CPU
	EndGlobalSection
	GlobalSection(SolutionProperties) = preSolution
		HideSolutionNode = FALSE
	EndGlobalSection
	GlobalSection(ExtensibilityGlobals) = postSolution
		SolutionGuid = {1484F6E8-35AA-43F9-AF35-7F93B48B595E}
	EndGlobalSection
EndGlobal
