
Microsoft Visual Studio Solution File, Format Version 12.00
# Visual Studio Version 17
VisualStudioVersion = 17.5.002.0
MinimumVisualStudioVersion = 10.0.40219.1
Project("{9A19103F-16F7-4668-BE54-9A1E7A4F7556}") = "543-Get-initials-from-person-name", "543-Get-initials-from-person-name.csproj", "{A2572FBA-27AD-4F74-AFDF-BFCC8E5D9138}"
EndProject
Global
	GlobalSection(SolutionConfigurationPlatforms) = preSolution
		Debug|Any CPU = Debug|Any CPU
		Release|Any CPU = Release|Any CPU
	EndGlobalSection
	GlobalSection(ProjectConfigurationPlatforms) = postSolution
		{A2572FBA-27AD-4F74-AFDF-BFCC8E5D9138}.Debug|Any CPU.ActiveCfg = Debug|Any CPU
		{A2572FBA-27AD-4F74-AFDF-BFCC8E5D9138}.Debug|Any CPU.Build.0 = Debug|Any CPU
		{A2572FBA-27AD-4F74-AFDF-BFCC8E5D9138}.Release|Any CPU.ActiveCfg = Release|Any CPU
		{A2572FBA-27AD-4F74-AFDF-BFCC8E5D9138}.Release|Any CPU.Build.0 = Release|Any CPU
	EndGlobalSection
	GlobalSection(SolutionProperties) = preSolution
		HideSolutionNode = FALSE
	EndGlobalSection
	GlobalSection(ExtensibilityGlobals) = postSolution
		SolutionGuid = {DF0D7089-7634-46D4-8BD6-0350A3DD9A85}
	EndGlobalSection
EndGlobal
