
Microsoft Visual Studio Solution File, Format Version 12.00
# Visual Studio Version 17
VisualStudioVersion = 17.5.002.0
MinimumVisualStudioVersion = 10.0.40219.1
Project("{9A19103F-16F7-4668-BE54-9A1E7A4F7556}") = "500-Collision-Detection", "500-Collision-Detection.csproj", "{E921035A-2755-4F92-B0ED-03A9E94115BB}"
EndProject
Global
	GlobalSection(SolutionConfigurationPlatforms) = preSolution
		Debug|Any CPU = Debug|Any CPU
		Release|Any CPU = Release|Any CPU
	EndGlobalSection
	GlobalSection(ProjectConfigurationPlatforms) = postSolution
		{E921035A-2755-4F92-B0ED-03A9E94115BB}.Debug|Any CPU.ActiveCfg = Debug|Any CPU
		{E921035A-2755-4F92-B0ED-03A9E94115BB}.Debug|Any CPU.Build.0 = Debug|Any CPU
		{E921035A-2755-4F92-B0ED-03A9E94115BB}.Release|Any CPU.ActiveCfg = Release|Any CPU
		{E921035A-2755-4F92-B0ED-03A9E94115BB}.Release|Any CPU.Build.0 = Release|Any CPU
	EndGlobalSection
	GlobalSection(SolutionProperties) = preSolution
		HideSolutionNode = FALSE
	EndGlobalSection
	GlobalSection(ExtensibilityGlobals) = postSolution
		SolutionGuid = {9B396B44-3198-40BE-9474-62956A1D2D9C}
	EndGlobalSection
EndGlobal
