
Microsoft Visual Studio Solution File, Format Version 12.00
# Visual Studio Version 17
VisualStudioVersion = 17.5.002.0
MinimumVisualStudioVersion = 10.0.40219.1
Project("{9A19103F-16F7-4668-BE54-9A1E7A4F7556}") = "024-A-Needle-in-the-Haystack", "024-A-Needle-in-the-Haystack.csproj", "{BA4E64C6-AE03-4CB2-9687-245644EAD7AA}"
EndProject
Global
	GlobalSection(SolutionConfigurationPlatforms) = preSolution
		Debug|Any CPU = Debug|Any CPU
		Release|Any CPU = Release|Any CPU
	EndGlobalSection
	GlobalSection(ProjectConfigurationPlatforms) = postSolution
		{BA4E64C6-AE03-4CB2-9687-245644EAD7AA}.Debug|Any CPU.ActiveCfg = Debug|Any CPU
		{BA4E64C6-AE03-4CB2-9687-245644EAD7AA}.Debug|Any CPU.Build.0 = Debug|Any CPU
		{BA4E64C6-AE03-4CB2-9687-245644EAD7AA}.Release|Any CPU.ActiveCfg = Release|Any CPU
		{BA4E64C6-AE03-4CB2-9687-245644EAD7AA}.Release|Any CPU.Build.0 = Release|Any CPU
	EndGlobalSection
	GlobalSection(SolutionProperties) = preSolution
		HideSolutionNode = FALSE
	EndGlobalSection
	GlobalSection(ExtensibilityGlobals) = postSolution
		SolutionGuid = {810BB71B-87BA-4CDD-9D14-6094C85C80C1}
	EndGlobalSection
EndGlobal
