
Microsoft Visual Studio Solution File, Format Version 12.00
# Visual Studio Version 17
VisualStudioVersion = 17.5.002.0
MinimumVisualStudioVersion = 10.0.40219.1
Project("{9A19103F-16F7-4668-BE54-9A1E7A4F7556}") = "243-Find-all-occurrences-of-an-element-in-an-array", "243-Find-all-occurrences-of-an-element-in-an-array.csproj", "{6329C5CA-366B-4715-A6BB-A444C0132368}"
EndProject
Global
	GlobalSection(SolutionConfigurationPlatforms) = preSolution
		Debug|Any CPU = Debug|Any CPU
		Release|Any CPU = Release|Any CPU
	EndGlobalSection
	GlobalSection(ProjectConfigurationPlatforms) = postSolution
		{6329C5CA-366B-4715-A6BB-A444C0132368}.Debug|Any CPU.ActiveCfg = Debug|Any CPU
		{6329C5CA-366B-4715-A6BB-A444C0132368}.Debug|Any CPU.Build.0 = Debug|Any CPU
		{6329C5CA-366B-4715-A6BB-A444C0132368}.Release|Any CPU.ActiveCfg = Release|Any CPU
		{6329C5CA-366B-4715-A6BB-A444C0132368}.Release|Any CPU.Build.0 = Release|Any CPU
	EndGlobalSection
	GlobalSection(SolutionProperties) = preSolution
		HideSolutionNode = FALSE
	EndGlobalSection
	GlobalSection(ExtensibilityGlobals) = postSolution
		SolutionGuid = {92FBFC89-DC40-4CFF-A802-39D54D2B0EDB}
	EndGlobalSection
EndGlobal
