
Microsoft Visual Studio Solution File, Format Version 12.00
# Visual Studio Version 17
VisualStudioVersion = 17.5.002.0
MinimumVisualStudioVersion = 10.0.40219.1
Project("{9A19103F-16F7-4668-BE54-9A1E7A4F7556}") = "270-Hells-Kitchen", "270-Hells-Kitchen.csproj", "{3615AB0A-2218-4E71-BAE5-403E14622B60}"
EndProject
Global
	GlobalSection(SolutionConfigurationPlatforms) = preSolution
		Debug|Any CPU = Debug|Any CPU
		Release|Any CPU = Release|Any CPU
	EndGlobalSection
	GlobalSection(ProjectConfigurationPlatforms) = postSolution
		{3615AB0A-2218-4E71-BAE5-403E14622B60}.Debug|Any CPU.ActiveCfg = Debug|Any CPU
		{3615AB0A-2218-4E71-BAE5-403E14622B60}.Debug|Any CPU.Build.0 = Debug|Any CPU
		{3615AB0A-2218-4E71-BAE5-403E14622B60}.Release|Any CPU.ActiveCfg = Release|Any CPU
		{3615AB0A-2218-4E71-BAE5-403E14622B60}.Release|Any CPU.Build.0 = Release|Any CPU
	EndGlobalSection
	GlobalSection(SolutionProperties) = preSolution
		HideSolutionNode = FALSE
	EndGlobalSection
	GlobalSection(ExtensibilityGlobals) = postSolution
		SolutionGuid = {F431C49C-5D17-4175-B13A-56CCC69BAB85}
	EndGlobalSection
EndGlobal
