
Microsoft Visual Studio Solution File, Format Version 12.00
# Visual Studio Version 17
VisualStudioVersion = 17.5.002.0
MinimumVisualStudioVersion = 10.0.40219.1
Project("{9A19103F-16F7-4668-BE54-9A1E7A4F7556}") = "067-Double-Char", "067-Double-Char.csproj", "{C6901274-CF51-4D95-B948-D45D6F943A6F}"
EndProject
Global
	GlobalSection(SolutionConfigurationPlatforms) = preSolution
		Debug|Any CPU = Debug|Any CPU
		Release|Any CPU = Release|Any CPU
	EndGlobalSection
	GlobalSection(ProjectConfigurationPlatforms) = postSolution
		{C6901274-CF51-4D95-B948-D45D6F943A6F}.Debug|Any CPU.ActiveCfg = Debug|Any CPU
		{C6901274-CF51-4D95-B948-D45D6F943A6F}.Debug|Any CPU.Build.0 = Debug|Any CPU
		{C6901274-CF51-4D95-B948-D45D6F943A6F}.Release|Any CPU.ActiveCfg = Release|Any CPU
		{C6901274-CF51-4D95-B948-D45D6F943A6F}.Release|Any CPU.Build.0 = Release|Any CPU
	EndGlobalSection
	GlobalSection(SolutionProperties) = preSolution
		HideSolutionNode = FALSE
	EndGlobalSection
	GlobalSection(ExtensibilityGlobals) = postSolution
		SolutionGuid = {64395CB2-9F9D-4D1D-8511-4C71347D7842}
	EndGlobalSection
EndGlobal
