
Microsoft Visual Studio Solution File, Format Version 12.00
# Visual Studio Version 17
VisualStudioVersion = 17.5.002.0
MinimumVisualStudioVersion = 10.0.40219.1
Project("{9A19103F-16F7-4668-BE54-9A1E7A4F7556}") = "260-Grasshopper-Bug-Squashing", "260-Grasshopper-Bug-Squashing.csproj", "{DFA89D52-7D3B-4244-9245-AAB862DECAEC}"
EndProject
Global
	GlobalSection(SolutionConfigurationPlatforms) = preSolution
		Debug|Any CPU = Debug|Any CPU
		Release|Any CPU = Release|Any CPU
	EndGlobalSection
	GlobalSection(ProjectConfigurationPlatforms) = postSolution
		{DFA89D52-7D3B-4244-9245-AAB862DECAEC}.Debug|Any CPU.ActiveCfg = Debug|Any CPU
		{DFA89D52-7D3B-4244-9245-AAB862DECAEC}.Debug|Any CPU.Build.0 = Debug|Any CPU
		{DFA89D52-7D3B-4244-9245-AAB862DECAEC}.Release|Any CPU.ActiveCfg = Release|Any CPU
		{DFA89D52-7D3B-4244-9245-AAB862DECAEC}.Release|Any CPU.Build.0 = Release|Any CPU
	EndGlobalSection
	GlobalSection(SolutionProperties) = preSolution
		HideSolutionNode = FALSE
	EndGlobalSection
	GlobalSection(ExtensibilityGlobals) = postSolution
		SolutionGuid = {E4D53CB7-744F-4957-AF78-C48FB2D4E205}
	EndGlobalSection
EndGlobal
