
Microsoft Visual Studio Solution File, Format Version 12.00
# Visual Studio Version 17
VisualStudioVersion = 17.5.002.0
MinimumVisualStudioVersion = 10.0.40219.1
Project("{9A19103F-16F7-4668-BE54-9A1E7A4F7556}") = "268-Playing-with-cubes-II", "268-Playing-with-cubes-II.csproj", "{3901A922-F427-4D71-892A-9FE69BF7DC53}"
EndProject
Global
	GlobalSection(SolutionConfigurationPlatforms) = preSolution
		Debug|Any CPU = Debug|Any CPU
		Release|Any CPU = Release|Any CPU
	EndGlobalSection
	GlobalSection(ProjectConfigurationPlatforms) = postSolution
		{3901A922-F427-4D71-892A-9FE69BF7DC53}.Debug|Any CPU.ActiveCfg = Debug|Any CPU
		{3901A922-F427-4D71-892A-9FE69BF7DC53}.Debug|Any CPU.Build.0 = Debug|Any CPU
		{3901A922-F427-4D71-892A-9FE69BF7DC53}.Release|Any CPU.ActiveCfg = Release|Any CPU
		{3901A922-F427-4D71-892A-9FE69BF7DC53}.Release|Any CPU.Build.0 = Release|Any CPU
	EndGlobalSection
	GlobalSection(SolutionProperties) = preSolution
		HideSolutionNode = FALSE
	EndGlobalSection
	GlobalSection(ExtensibilityGlobals) = postSolution
		SolutionGuid = {4E6788C3-2E10-499B-BBD2-EA7463AAEBC4}
	EndGlobalSection
EndGlobal
