
Microsoft Visual Studio Solution File, Format Version 12.00
# Visual Studio Version 17
VisualStudioVersion = 17.5.002.0
MinimumVisualStudioVersion = 10.0.40219.1
Project("{9A19103F-16F7-4668-BE54-9A1E7A4F7556}") = "494-Heros-root", "494-Heros-root.csproj", "{FFDF4B3B-6F30-4B91-8FB2-092F0F696821}"
EndProject
Global
	GlobalSection(SolutionConfigurationPlatforms) = preSolution
		Debug|Any CPU = Debug|Any CPU
		Release|Any CPU = Release|Any CPU
	EndGlobalSection
	GlobalSection(ProjectConfigurationPlatforms) = postSolution
		{FFDF4B3B-6F30-4B91-8FB2-092F0F696821}.Debug|Any CPU.ActiveCfg = Debug|Any CPU
		{FFDF4B3B-6F30-4B91-8FB2-092F0F696821}.Debug|Any CPU.Build.0 = Debug|Any CPU
		{FFDF4B3B-6F30-4B91-8FB2-092F0F696821}.Release|Any CPU.ActiveCfg = Release|Any CPU
		{FFDF4B3B-6F30-4B91-8FB2-092F0F696821}.Release|Any CPU.Build.0 = Release|Any CPU
	EndGlobalSection
	GlobalSection(SolutionProperties) = preSolution
		HideSolutionNode = FALSE
	EndGlobalSection
	GlobalSection(ExtensibilityGlobals) = postSolution
		SolutionGuid = {5C497020-1984-49BF-A246-E49EB7CB82A7}
	EndGlobalSection
EndGlobal
