
Microsoft Visual Studio Solution File, Format Version 12.00
# Visual Studio Version 17
VisualStudioVersion = 17.5.002.0
MinimumVisualStudioVersion = 10.0.40219.1
Project("{9A19103F-16F7-4668-BE54-9A1E7A4F7556}") = "489-Offload-your-work", "489-Offload-your-work.csproj", "{918BF8D8-8F7A-4467-9725-A9042E25641F}"
EndProject
Global
	GlobalSection(SolutionConfigurationPlatforms) = preSolution
		Debug|Any CPU = Debug|Any CPU
		Release|Any CPU = Release|Any CPU
	EndGlobalSection
	GlobalSection(ProjectConfigurationPlatforms) = postSolution
		{918BF8D8-8F7A-4467-9725-A9042E25641F}.Debug|Any CPU.ActiveCfg = Debug|Any CPU
		{918BF8D8-8F7A-4467-9725-A9042E25641F}.Debug|Any CPU.Build.0 = Debug|Any CPU
		{918BF8D8-8F7A-4467-9725-A9042E25641F}.Release|Any CPU.ActiveCfg = Release|Any CPU
		{918BF8D8-8F7A-4467-9725-A9042E25641F}.Release|Any CPU.Build.0 = Release|Any CPU
	EndGlobalSection
	GlobalSection(SolutionProperties) = preSolution
		HideSolutionNode = FALSE
	EndGlobalSection
	GlobalSection(ExtensibilityGlobals) = postSolution
		SolutionGuid = {6D99F7E1-D868-47E8-80E2-ECDBDF58CFD2}
	EndGlobalSection
EndGlobal
