
Microsoft Visual Studio Solution File, Format Version 12.00
# Visual Studio Version 17
VisualStudioVersion = 17.5.002.0
MinimumVisualStudioVersion = 10.0.40219.1
Project("{9A19103F-16F7-4668-BE54-9A1E7A4F7556}") = "430-Simple-Fun-40-Timed-Reading", "430-Simple-Fun-40-Timed-Reading.csproj", "{059913B9-5EFB-4998-BBE5-9B18DC14C037}"
EndProject
Global
	GlobalSection(SolutionConfigurationPlatforms) = preSolution
		Debug|Any CPU = Debug|Any CPU
		Release|Any CPU = Release|Any CPU
	EndGlobalSection
	GlobalSection(ProjectConfigurationPlatforms) = postSolution
		{059913B9-5EFB-4998-BBE5-9B18DC14C037}.Debug|Any CPU.ActiveCfg = Debug|Any CPU
		{059913B9-5EFB-4998-BBE5-9B18DC14C037}.Debug|Any CPU.Build.0 = Debug|Any CPU
		{059913B9-5EFB-4998-BBE5-9B18DC14C037}.Release|Any CPU.ActiveCfg = Release|Any CPU
		{059913B9-5EFB-4998-BBE5-9B18DC14C037}.Release|Any CPU.Build.0 = Release|Any CPU
	EndGlobalSection
	GlobalSection(SolutionProperties) = preSolution
		HideSolutionNode = FALSE
	EndGlobalSection
	GlobalSection(ExtensibilityGlobals) = postSolution
		SolutionGuid = {AD6B3595-3AC2-4E93-A03E-A9F8BB48D1CC}
	EndGlobalSection
EndGlobal
