
Microsoft Visual Studio Solution File, Format Version 12.00
# Visual Studio Version 17
VisualStudioVersion = 17.5.002.0
MinimumVisualStudioVersion = 10.0.40219.1
Project("{9A19103F-16F7-4668-BE54-9A1E7A4F7556}") = "426-Float-Precision", "426-Float-Precision.csproj", "{EEE41EA7-34B1-46FD-9E4F-A3BAFC94F8AE}"
EndProject
Global
	GlobalSection(SolutionConfigurationPlatforms) = preSolution
		Debug|Any CPU = Debug|Any CPU
		Release|Any CPU = Release|Any CPU
	EndGlobalSection
	GlobalSection(ProjectConfigurationPlatforms) = postSolution
		{EEE41EA7-34B1-46FD-9E4F-A3BAFC94F8AE}.Debug|Any CPU.ActiveCfg = Debug|Any CPU
		{EEE41EA7-34B1-46FD-9E4F-A3BAFC94F8AE}.Debug|Any CPU.Build.0 = Debug|Any CPU
		{EEE41EA7-34B1-46FD-9E4F-A3BAFC94F8AE}.Release|Any CPU.ActiveCfg = Release|Any CPU
		{EEE41EA7-34B1-46FD-9E4F-A3BAFC94F8AE}.Release|Any CPU.Build.0 = Release|Any CPU
	EndGlobalSection
	GlobalSection(SolutionProperties) = preSolution
		HideSolutionNode = FALSE
	EndGlobalSection
	GlobalSection(ExtensibilityGlobals) = postSolution
		SolutionGuid = {6F78F499-E166-4C50-A871-B21EA4B8BE46}
	EndGlobalSection
EndGlobal
