
Microsoft Visual Studio Solution File, Format Version 12.00
# Visual Studio Version 17
VisualStudioVersion = 17.5.002.0
MinimumVisualStudioVersion = 10.0.40219.1
Project("{9A19103F-16F7-4668-BE54-9A1E7A4F7556}") = "082-Switch-it-Up", "082-Switch-it-Up.csproj", "{442742BF-679B-4FF2-857E-AE8D3CA34837}"
EndProject
Global
	GlobalSection(SolutionConfigurationPlatforms) = preSolution
		Debug|Any CPU = Debug|Any CPU
		Release|Any CPU = Release|Any CPU
	EndGlobalSection
	GlobalSection(ProjectConfigurationPlatforms) = postSolution
		{442742BF-679B-4FF2-857E-AE8D3CA34837}.Debug|Any CPU.ActiveCfg = Debug|Any CPU
		{442742BF-679B-4FF2-857E-AE8D3CA34837}.Debug|Any CPU.Build.0 = Debug|Any CPU
		{442742BF-679B-4FF2-857E-AE8D3CA34837}.Release|Any CPU.ActiveCfg = Release|Any CPU
		{442742BF-679B-4FF2-857E-AE8D3CA34837}.Release|Any CPU.Build.0 = Release|Any CPU
	EndGlobalSection
	GlobalSection(SolutionProperties) = preSolution
		HideSolutionNode = FALSE
	EndGlobalSection
	GlobalSection(ExtensibilityGlobals) = postSolution
		SolutionGuid = {C341A98F-074C-4F01-9773-8A0478FD5E86}
	EndGlobalSection
EndGlobal
