
Microsoft Visual Studio Solution File, Format Version 12.00
# Visual Studio Version 17
VisualStudioVersion = 17.5.002.0
MinimumVisualStudioVersion = 10.0.40219.1
Project("{9A19103F-16F7-4668-BE54-9A1E7A4F7556}") = "095-Build-a-square", "095-Build-a-square.csproj", "{B43E0195-4521-4107-A5EF-41805250DADD}"
EndProject
Global
	GlobalSection(SolutionConfigurationPlatforms) = preSolution
		Debug|Any CPU = Debug|Any CPU
		Release|Any CPU = Release|Any CPU
	EndGlobalSection
	GlobalSection(ProjectConfigurationPlatforms) = postSolution
		{B43E0195-4521-4107-A5EF-41805250DADD}.Debug|Any CPU.ActiveCfg = Debug|Any CPU
		{B43E0195-4521-4107-A5EF-41805250DADD}.Debug|Any CPU.Build.0 = Debug|Any CPU
		{B43E0195-4521-4107-A5EF-41805250DADD}.Release|Any CPU.ActiveCfg = Release|Any CPU
		{B43E0195-4521-4107-A5EF-41805250DADD}.Release|Any CPU.Build.0 = Release|Any CPU
	EndGlobalSection
	GlobalSection(SolutionProperties) = preSolution
		HideSolutionNode = FALSE
	EndGlobalSection
	GlobalSection(ExtensibilityGlobals) = postSolution
		SolutionGuid = {E12E7201-4FEF-4396-BED9-48B916DE06EA}
	EndGlobalSection
EndGlobal
