
Microsoft Visual Studio Solution File, Format Version 12.00
# Visual Studio Version 17
VisualStudioVersion = 17.5.002.0
MinimumVisualStudioVersion = 10.0.40219.1
Project("{9A19103F-16F7-4668-BE54-9A1E7A4F7556}") = "116-Sum-of-Odd-Cubed-Numbers", "116-Sum-of-Odd-Cubed-Numbers.csproj", "{BAE636B8-A4A4-45D3-8EE0-431D54BBA7DF}"
EndProject
Global
	GlobalSection(SolutionConfigurationPlatforms) = preSolution
		Debug|Any CPU = Debug|Any CPU
		Release|Any CPU = Release|Any CPU
	EndGlobalSection
	GlobalSection(ProjectConfigurationPlatforms) = postSolution
		{BAE636B8-A4A4-45D3-8EE0-431D54BBA7DF}.Debug|Any CPU.ActiveCfg = Debug|Any CPU
		{BAE636B8-A4A4-45D3-8EE0-431D54BBA7DF}.Debug|Any CPU.Build.0 = Debug|Any CPU
		{BAE636B8-A4A4-45D3-8EE0-431D54BBA7DF}.Release|Any CPU.ActiveCfg = Release|Any CPU
		{BAE636B8-A4A4-45D3-8EE0-431D54BBA7DF}.Release|Any CPU.Build.0 = Release|Any CPU
	EndGlobalSection
	GlobalSection(SolutionProperties) = preSolution
		HideSolutionNode = FALSE
	EndGlobalSection
	GlobalSection(ExtensibilityGlobals) = postSolution
		SolutionGuid = {3954D891-AC61-4E50-AE44-9F1B31AA902A}
	EndGlobalSection
EndGlobal
