
Microsoft Visual Studio Solution File, Format Version 12.00
# Visual Studio Version 17
VisualStudioVersion = 17.5.002.0
MinimumVisualStudioVersion = 10.0.40219.1
Project("{9A19103F-16F7-4668-BE54-9A1E7A4F7556}") = "180-ToLeetSpeak", "180-ToLeetSpeak.csproj", "{88D44FDA-09CC-4FF2-8CF9-73ED6F139D3E}"
EndProject
Global
	GlobalSection(SolutionConfigurationPlatforms) = preSolution
		Debug|Any CPU = Debug|Any CPU
		Release|Any CPU = Release|Any CPU
	EndGlobalSection
	GlobalSection(ProjectConfigurationPlatforms) = postSolution
		{88D44FDA-09CC-4FF2-8CF9-73ED6F139D3E}.Debug|Any CPU.ActiveCfg = Debug|Any CPU
		{88D44FDA-09CC-4FF2-8CF9-73ED6F139D3E}.Debug|Any CPU.Build.0 = Debug|Any CPU
		{88D44FDA-09CC-4FF2-8CF9-73ED6F139D3E}.Release|Any CPU.ActiveCfg = Release|Any CPU
		{88D44FDA-09CC-4FF2-8CF9-73ED6F139D3E}.Release|Any CPU.Build.0 = Release|Any CPU
	EndGlobalSection
	GlobalSection(SolutionProperties) = preSolution
		HideSolutionNode = FALSE
	EndGlobalSection
	GlobalSection(ExtensibilityGlobals) = postSolution
		SolutionGuid = {DFBC71CF-F236-4124-929C-552357758039}
	EndGlobalSection
EndGlobal
