
Microsoft Visual Studio Solution File, Format Version 12.00
# Visual Studio Version 17
VisualStudioVersion = 17.5.002.0
MinimumVisualStudioVersion = 10.0.40219.1
Project("{9A19103F-16F7-4668-BE54-9A1E7A4F7556}") = "139-Plural", "139-Plural.csproj", "{24C4D889-2C94-4F62-8651-414EC621D2EC}"
EndProject
Global
	GlobalSection(SolutionConfigurationPlatforms) = preSolution
		Debug|Any CPU = Debug|Any CPU
		Release|Any CPU = Release|Any CPU
	EndGlobalSection
	GlobalSection(ProjectConfigurationPlatforms) = postSolution
		{24C4D889-2C94-4F62-8651-414EC621D2EC}.Debug|Any CPU.ActiveCfg = Debug|Any CPU
		{24C4D889-2C94-4F62-8651-414EC621D2EC}.Debug|Any CPU.Build.0 = Debug|Any CPU
		{24C4D889-2C94-4F62-8651-414EC621D2EC}.Release|Any CPU.ActiveCfg = Release|Any CPU
		{24C4D889-2C94-4F62-8651-414EC621D2EC}.Release|Any CPU.Build.0 = Release|Any CPU
	EndGlobalSection
	GlobalSection(SolutionProperties) = preSolution
		HideSolutionNode = FALSE
	EndGlobalSection
	GlobalSection(ExtensibilityGlobals) = postSolution
		SolutionGuid = {753F9CDB-4F56-4804-84DA-333C8F6382EF}
	EndGlobalSection
EndGlobal
