
Microsoft Visual Studio Solution File, Format Version 12.00
# Visual Studio Version 17
VisualStudioVersion = 17.5.002.0
MinimumVisualStudioVersion = 10.0.40219.1
Project("{9A19103F-16F7-4668-BE54-9A1E7A4F7556}") = "184-Area-of-a-Square", "184-Area-of-a-Square.csproj", "{37643DEA-0567-47A7-88CB-1C73118B534D}"
EndProject
Global
	GlobalSection(SolutionConfigurationPlatforms) = preSolution
		Debug|Any CPU = Debug|Any CPU
		Release|Any CPU = Release|Any CPU
	EndGlobalSection
	GlobalSection(ProjectConfigurationPlatforms) = postSolution
		{37643DEA-0567-47A7-88CB-1C73118B534D}.Debug|Any CPU.ActiveCfg = Debug|Any CPU
		{37643DEA-0567-47A7-88CB-1C73118B534D}.Debug|Any CPU.Build.0 = Debug|Any CPU
		{37643DEA-0567-47A7-88CB-1C73118B534D}.Release|Any CPU.ActiveCfg = Release|Any CPU
		{37643DEA-0567-47A7-88CB-1C73118B534D}.Release|Any CPU.Build.0 = Release|Any CPU
	EndGlobalSection
	GlobalSection(SolutionProperties) = preSolution
		HideSolutionNode = FALSE
	EndGlobalSection
	GlobalSection(ExtensibilityGlobals) = postSolution
		SolutionGuid = {FAD6205E-B3AC-4800-84FA-42FC2E765F82}
	EndGlobalSection
EndGlobal
