
Microsoft Visual Studio Solution File, Format Version 12.00
# Visual Studio Version 17
VisualStudioVersion = 17.5.002.0
MinimumVisualStudioVersion = 10.0.40219.1
Project("{9A19103F-16F7-4668-BE54-9A1E7A4F7556}") = "233-Regexp-Basics-is-it-a-vowel", "233-Regexp-Basics-is-it-a-vowel.csproj", "{C47A322B-1CE0-4CED-86D6-09407D87DEE4}"
EndProject
Global
	GlobalSection(SolutionConfigurationPlatforms) = preSolution
		Debug|Any CPU = Debug|Any CPU
		Release|Any CPU = Release|Any CPU
	EndGlobalSection
	GlobalSection(ProjectConfigurationPlatforms) = postSolution
		{C47A322B-1CE0-4CED-86D6-09407D87DEE4}.Debug|Any CPU.ActiveCfg = Debug|Any CPU
		{C47A322B-1CE0-4CED-86D6-09407D87DEE4}.Debug|Any CPU.Build.0 = Debug|Any CPU
		{C47A322B-1CE0-4CED-86D6-09407D87DEE4}.Release|Any CPU.ActiveCfg = Release|Any CPU
		{C47A322B-1CE0-4CED-86D6-09407D87DEE4}.Release|Any CPU.Build.0 = Release|Any CPU
	EndGlobalSection
	GlobalSection(SolutionProperties) = preSolution
		HideSolutionNode = FALSE
	EndGlobalSection
	GlobalSection(ExtensibilityGlobals) = postSolution
		SolutionGuid = {4EDCA75C-0EF8-47F7-9A6C-1D4839BDA235}
	EndGlobalSection
EndGlobal
