
Microsoft Visual Studio Solution File, Format Version 12.00
# Visual Studio Version 17
VisualStudioVersion = 17.5.002.0
MinimumVisualStudioVersion = 10.0.40219.1
Project("{9A19103F-16F7-4668-BE54-9A1E7A4F7556}") = "148-FIXME-Get-Full-Name", "148-FIXME-Get-Full-Name.csproj", "{90BCA119-DE6B-440F-ACB8-D4FE7078DFC9}"
EndProject
Global
	GlobalSection(SolutionConfigurationPlatforms) = preSolution
		Debug|Any CPU = Debug|Any CPU
		Release|Any CPU = Release|Any CPU
	EndGlobalSection
	GlobalSection(ProjectConfigurationPlatforms) = postSolution
		{90BCA119-DE6B-440F-ACB8-D4FE7078DFC9}.Debug|Any CPU.ActiveCfg = Debug|Any CPU
		{90BCA119-DE6B-440F-ACB8-D4FE7078DFC9}.Debug|Any CPU.Build.0 = Debug|Any CPU
		{90BCA119-DE6B-440F-ACB8-D4FE7078DFC9}.Release|Any CPU.ActiveCfg = Release|Any CPU
		{90BCA119-DE6B-440F-ACB8-D4FE7078DFC9}.Release|Any CPU.Build.0 = Release|Any CPU
	EndGlobalSection
	GlobalSection(SolutionProperties) = preSolution
		HideSolutionNode = FALSE
	EndGlobalSection
	GlobalSection(ExtensibilityGlobals) = postSolution
		SolutionGuid = {6B08298D-790A-403D-9E11-71D30D315F2C}
	EndGlobalSection
EndGlobal
