
Microsoft Visual Studio Solution File, Format Version 12.00
# Visual Studio Version 17
VisualStudioVersion = 17.5.002.0
MinimumVisualStudioVersion = 10.0.40219.1
Project("{9A19103F-16F7-4668-BE54-9A1E7A4F7556}") = "059-Fix-string-case", "059-Fix-string-case.csproj", "{5248AADA-85A7-4EFA-B374-3E251BEA2323}"
EndProject
Global
	GlobalSection(SolutionConfigurationPlatforms) = preSolution
		Debug|Any CPU = Debug|Any CPU
		Release|Any CPU = Release|Any CPU
	EndGlobalSection
	GlobalSection(ProjectConfigurationPlatforms) = postSolution
		{5248AADA-85A7-4EFA-B374-3E251BEA2323}.Debug|Any CPU.ActiveCfg = Debug|Any CPU
		{5248AADA-85A7-4EFA-B374-3E251BEA2323}.Debug|Any CPU.Build.0 = Debug|Any CPU
		{5248AADA-85A7-4EFA-B374-3E251BEA2323}.Release|Any CPU.ActiveCfg = Release|Any CPU
		{5248AADA-85A7-4EFA-B374-3E251BEA2323}.Release|Any CPU.Build.0 = Release|Any CPU
	EndGlobalSection
	GlobalSection(SolutionProperties) = preSolution
		HideSolutionNode = FALSE
	EndGlobalSection
	GlobalSection(ExtensibilityGlobals) = postSolution
		SolutionGuid = {253D9071-B44D-4340-95FF-0D8F9B52E9A8}
	EndGlobalSection
EndGlobal
