
Microsoft Visual Studio Solution File, Format Version 12.00
# Visual Studio Version 17
VisualStudioVersion = 17.5.002.0
MinimumVisualStudioVersion = 10.0.40219.1
Project("{9A19103F-16F7-4668-BE54-9A1E7A4F7556}") = "479-Genetic-Algorithm-Series-2-Mutation", "479-Genetic-Algorithm-Series-2-Mutation.csproj", "{01580314-039B-404D-96D0-644EA2E552E5}"
EndProject
Global
	GlobalSection(SolutionConfigurationPlatforms) = preSolution
		Debug|Any CPU = Debug|Any CPU
		Release|Any CPU = Release|Any CPU
	EndGlobalSection
	GlobalSection(ProjectConfigurationPlatforms) = postSolution
		{01580314-039B-404D-96D0-644EA2E552E5}.Debug|Any CPU.ActiveCfg = Debug|Any CPU
		{01580314-039B-404D-96D0-644EA2E552E5}.Debug|Any CPU.Build.0 = Debug|Any CPU
		{01580314-039B-404D-96D0-644EA2E552E5}.Release|Any CPU.ActiveCfg = Release|Any CPU
		{01580314-039B-404D-96D0-644EA2E552E5}.Release|Any CPU.Build.0 = Release|Any CPU
	EndGlobalSection
	GlobalSection(SolutionProperties) = preSolution
		HideSolutionNode = FALSE
	EndGlobalSection
	GlobalSection(ExtensibilityGlobals) = postSolution
		SolutionGuid = {6D45F117-41DF-48F3-97F7-94F0E5AD1DDA}
	EndGlobalSection
EndGlobal
