
Microsoft Visual Studio Solution File, Format Version 12.00
# Visual Studio Version 17
VisualStudioVersion = 17.5.002.0
MinimumVisualStudioVersion = 10.0.40219.1
Project("{9A19103F-16F7-4668-BE54-9A1E7A4F7556}") = "299-Find-the-index-of-the-second-occurrence-of-a-letter-in-a-string", "299-Find-the-index-of-the-second-occurrence-of-a-letter-in-a-string.csproj", "{EDCEF84E-200E-48F3-80FB-1C2A79926194}"
EndProject
Global
	GlobalSection(SolutionConfigurationPlatforms) = preSolution
		Debug|Any CPU = Debug|Any CPU
		Release|Any CPU = Release|Any CPU
	EndGlobalSection
	GlobalSection(ProjectConfigurationPlatforms) = postSolution
		{EDCEF84E-200E-48F3-80FB-1C2A79926194}.Debug|Any CPU.ActiveCfg = Debug|Any CPU
		{EDCEF84E-200E-48F3-80FB-1C2A79926194}.Debug|Any CPU.Build.0 = Debug|Any CPU
		{EDCEF84E-200E-48F3-80FB-1C2A79926194}.Release|Any CPU.ActiveCfg = Release|Any CPU
		{EDCEF84E-200E-48F3-80FB-1C2A79926194}.Release|Any CPU.Build.0 = Release|Any CPU
	EndGlobalSection
	GlobalSection(SolutionProperties) = preSolution
		HideSolutionNode = FALSE
	EndGlobalSection
	GlobalSection(ExtensibilityGlobals) = postSolution
		SolutionGuid = {A1942006-2172-4FF1-887C-77B9A310251A}
	EndGlobalSection
EndGlobal
