
Microsoft Visual Studio Solution File, Format Version 12.00
# Visual Studio Version 17
VisualStudioVersion = 17.5.002.0
MinimumVisualStudioVersion = 10.0.40219.1
Project("{9A19103F-16F7-4668-BE54-9A1E7A4F7556}") = "333-Exclamation-marks-series-8-Move-all-exclamation-marks", "333-Exclamation-marks-series-8-Move-all-exclamation-marks.csproj", "{59CBD116-D5DD-433B-AE26-16C4507BF5AD}"
EndProject
Global
	GlobalSection(SolutionConfigurationPlatforms) = preSolution
		Debug|Any CPU = Debug|Any CPU
		Release|Any CPU = Release|Any CPU
	EndGlobalSection
	GlobalSection(ProjectConfigurationPlatforms) = postSolution
		{59CBD116-D5DD-433B-AE26-16C4507BF5AD}.Debug|Any CPU.ActiveCfg = Debug|Any CPU
		{59CBD116-D5DD-433B-AE26-16C4507BF5AD}.Debug|Any CPU.Build.0 = Debug|Any CPU
		{59CBD116-D5DD-433B-AE26-16C4507BF5AD}.Release|Any CPU.ActiveCfg = Release|Any CPU
		{59CBD116-D5DD-433B-AE26-16C4507BF5AD}.Release|Any CPU.Build.0 = Release|Any CPU
	EndGlobalSection
	GlobalSection(SolutionProperties) = preSolution
		HideSolutionNode = FALSE
	EndGlobalSection
	GlobalSection(ExtensibilityGlobals) = postSolution
		SolutionGuid = {72AADE49-4812-45AB-B7F3-6107FF4F1647}
	EndGlobalSection
EndGlobal
