
Microsoft Visual Studio Solution File, Format Version 12.00
# Visual Studio Version 17
VisualStudioVersion = 17.5.002.0
MinimumVisualStudioVersion = 10.0.40219.1
Project("{9A19103F-16F7-4668-BE54-9A1E7A4F7556}") = "175-Changing-letters", "175-Changing-letters.csproj", "{31DCCCF3-F0AD-44A2-923E-9745C65897ED}"
EndProject
Global
	GlobalSection(SolutionConfigurationPlatforms) = preSolution
		Debug|Any CPU = Debug|Any CPU
		Release|Any CPU = Release|Any CPU
	EndGlobalSection
	GlobalSection(ProjectConfigurationPlatforms) = postSolution
		{31DCCCF3-F0AD-44A2-923E-9745C65897ED}.Debug|Any CPU.ActiveCfg = Debug|Any CPU
		{31DCCCF3-F0AD-44A2-923E-9745C65897ED}.Debug|Any CPU.Build.0 = Debug|Any CPU
		{31DCCCF3-F0AD-44A2-923E-9745C65897ED}.Release|Any CPU.ActiveCfg = Release|Any CPU
		{31DCCCF3-F0AD-44A2-923E-9745C65897ED}.Release|Any CPU.Build.0 = Release|Any CPU
	EndGlobalSection
	GlobalSection(SolutionProperties) = preSolution
		HideSolutionNode = FALSE
	EndGlobalSection
	GlobalSection(ExtensibilityGlobals) = postSolution
		SolutionGuid = {789BE429-5A0F-4144-B566-29C9AD6BC1FD}
	EndGlobalSection
EndGlobal
