
Microsoft Visual Studio Solution File, Format Version 12.00
# Visual Studio Version 17
VisualStudioVersion = 17.5.002.0
MinimumVisualStudioVersion = 10.0.40219.1
Project("{9A19103F-16F7-4668-BE54-9A1E7A4F7556}") = "334-Monotone-travel", "334-Monotone-travel.csproj", "{79741B2F-790B-471A-8299-B862E1A13414}"
EndProject
Global
	GlobalSection(SolutionConfigurationPlatforms) = preSolution
		Debug|Any CPU = Debug|Any CPU
		Release|Any CPU = Release|Any CPU
	EndGlobalSection
	GlobalSection(ProjectConfigurationPlatforms) = postSolution
		{79741B2F-790B-471A-8299-B862E1A13414}.Debug|Any CPU.ActiveCfg = Debug|Any CPU
		{79741B2F-790B-471A-8299-B862E1A13414}.Debug|Any CPU.Build.0 = Debug|Any CPU
		{79741B2F-790B-471A-8299-B862E1A13414}.Release|Any CPU.ActiveCfg = Release|Any CPU
		{79741B2F-790B-471A-8299-B862E1A13414}.Release|Any CPU.Build.0 = Release|Any CPU
	EndGlobalSection
	GlobalSection(SolutionProperties) = preSolution
		HideSolutionNode = FALSE
	EndGlobalSection
	GlobalSection(ExtensibilityGlobals) = postSolution
		SolutionGuid = {0053C38D-0E49-45D2-BAC4-B57D72A053D1}
	EndGlobalSection
EndGlobal
