
Microsoft Visual Studio Solution File, Format Version 12.00
# Visual Studio Version 17
VisualStudioVersion = 17.5.002.0
MinimumVisualStudioVersion = 10.0.40219.1
Project("{9A19103F-16F7-4668-BE54-9A1E7A4F7556}") = "130-Averages-of-numbers", "130-Averages-of-numbers.csproj", "{7E3B1CFE-99E8-4D41-8259-6264BFCBB606}"
EndProject
Global
	GlobalSection(SolutionConfigurationPlatforms) = preSolution
		Debug|Any CPU = Debug|Any CPU
		Release|Any CPU = Release|Any CPU
	EndGlobalSection
	GlobalSection(ProjectConfigurationPlatforms) = postSolution
		{7E3B1CFE-99E8-4D41-8259-6264BFCBB606}.Debug|Any CPU.ActiveCfg = Debug|Any CPU
		{7E3B1CFE-99E8-4D41-8259-6264BFCBB606}.Debug|Any CPU.Build.0 = Debug|Any CPU
		{7E3B1CFE-99E8-4D41-8259-6264BFCBB606}.Release|Any CPU.ActiveCfg = Release|Any CPU
		{7E3B1CFE-99E8-4D41-8259-6264BFCBB606}.Release|Any CPU.Build.0 = Release|Any CPU
	EndGlobalSection
	GlobalSection(SolutionProperties) = preSolution
		HideSolutionNode = FALSE
	EndGlobalSection
	GlobalSection(ExtensibilityGlobals) = postSolution
		SolutionGuid = {8D8AF537-7E6F-4EB7-97F7-ED885FFF9251}
	EndGlobalSection
EndGlobal
