
Microsoft Visual Studio Solution File, Format Version 12.00
# Visual Studio Version 17
VisualStudioVersion = 17.5.002.0
MinimumVisualStudioVersion = 10.0.40219.1
Project("{9A19103F-16F7-4668-BE54-9A1E7A4F7556}") = "193-Maximum-Gap-Array-Series-4", "193-Maximum-Gap-Array-Series-4.csproj", "{8DC8094A-A635-4525-828D-02962069DF84}"
EndProject
Global
	GlobalSection(SolutionConfigurationPlatforms) = preSolution
		Debug|Any CPU = Debug|Any CPU
		Release|Any CPU = Release|Any CPU
	EndGlobalSection
	GlobalSection(ProjectConfigurationPlatforms) = postSolution
		{8DC8094A-A635-4525-828D-02962069DF84}.Debug|Any CPU.ActiveCfg = Debug|Any CPU
		{8DC8094A-A635-4525-828D-02962069DF84}.Debug|Any CPU.Build.0 = Debug|Any CPU
		{8DC8094A-A635-4525-828D-02962069DF84}.Release|Any CPU.ActiveCfg = Release|Any CPU
		{8DC8094A-A635-4525-828D-02962069DF84}.Release|Any CPU.Build.0 = Release|Any CPU
	EndGlobalSection
	GlobalSection(SolutionProperties) = preSolution
		HideSolutionNode = FALSE
	EndGlobalSection
	GlobalSection(ExtensibilityGlobals) = postSolution
		SolutionGuid = {F259C7CF-0BC1-4394-ABF8-BB81EDB76AC8}
	EndGlobalSection
EndGlobal
