
Microsoft Visual Studio Solution File, Format Version 12.00
# Visual Studio Version 17
VisualStudioVersion = 17.5.002.0
MinimumVisualStudioVersion = 10.0.40219.1
Project("{9A19103F-16F7-4668-BE54-9A1E7A4F7556}") = "285-Exclamation-marks-series-7-Remove-words", "285-Exclamation-marks-series-7-Remove-words.csproj", "{3006F8BA-715C-4959-9730-D93E7E9A49C5}"
EndProject
Global
	GlobalSection(SolutionConfigurationPlatforms) = preSolution
		Debug|Any CPU = Debug|Any CPU
		Release|Any CPU = Release|Any CPU
	EndGlobalSection
	GlobalSection(ProjectConfigurationPlatforms) = postSolution
		{3006F8BA-715C-4959-9730-D93E7E9A49C5}.Debug|Any CPU.ActiveCfg = Debug|Any CPU
		{3006F8BA-715C-4959-9730-D93E7E9A49C5}.Debug|Any CPU.Build.0 = Debug|Any CPU
		{3006F8BA-715C-4959-9730-D93E7E9A49C5}.Release|Any CPU.ActiveCfg = Release|Any CPU
		{3006F8BA-715C-4959-9730-D93E7E9A49C5}.Release|Any CPU.Build.0 = Release|Any CPU
	EndGlobalSection
	GlobalSection(SolutionProperties) = preSolution
		HideSolutionNode = FALSE
	EndGlobalSection
	GlobalSection(ExtensibilityGlobals) = postSolution
		SolutionGuid = {1EF400B9-FEC2-4F66-8213-3658A1EEB8C2}
	EndGlobalSection
EndGlobal
