
Microsoft Visual Studio Solution File, Format Version 12.00
# Visual Studio Version 17
VisualStudioVersion = 17.5.002.0
MinimumVisualStudioVersion = 10.0.40219.1
Project("{9A19103F-16F7-4668-BE54-9A1E7A4F7556}") = "002-Disemvowel-Trolls", "002-Disemvowel-Trolls.csproj", "{623B71D4-FFCA-44D2-A28D-9AF7285060EE}"
EndProject
Global
	GlobalSection(SolutionConfigurationPlatforms) = preSolution
		Debug|Any CPU = Debug|Any CPU
		Release|Any CPU = Release|Any CPU
	EndGlobalSection
	GlobalSection(ProjectConfigurationPlatforms) = postSolution
		{623B71D4-FFCA-44D2-A28D-9AF7285060EE}.Debug|Any CPU.ActiveCfg = Debug|Any CPU
		{623B71D4-FFCA-44D2-A28D-9AF7285060EE}.Debug|Any CPU.Build.0 = Debug|Any CPU
		{623B71D4-FFCA-44D2-A28D-9AF7285060EE}.Release|Any CPU.ActiveCfg = Release|Any CPU
		{623B71D4-FFCA-44D2-A28D-9AF7285060EE}.Release|Any CPU.Build.0 = Release|Any CPU
	EndGlobalSection
	GlobalSection(SolutionProperties) = preSolution
		HideSolutionNode = FALSE
	EndGlobalSection
	GlobalSection(ExtensibilityGlobals) = postSolution
		SolutionGuid = {6AB9D4B5-8F33-4361-B255-4D00F02A208E}
	EndGlobalSection
EndGlobal
