
Microsoft Visual Studio Solution File, Format Version 12.00
# Visual Studio Version 17
VisualStudioVersion = 17.5.002.0
MinimumVisualStudioVersion = 10.0.40219.1
Project("{9A19103F-16F7-4668-BE54-9A1E7A4F7556}") = "187-Grasshopper-Combine-strings", "187-Grasshopper-Combine-strings.csproj", "{DDAB07DE-2D8A-4109-A106-23F23840F068}"
EndProject
Global
	GlobalSection(SolutionConfigurationPlatforms) = preSolution
		Debug|Any CPU = Debug|Any CPU
		Release|Any CPU = Release|Any CPU
	EndGlobalSection
	GlobalSection(ProjectConfigurationPlatforms) = postSolution
		{DDAB07DE-2D8A-4109-A106-23F23840F068}.Debug|Any CPU.ActiveCfg = Debug|Any CPU
		{DDAB07DE-2D8A-4109-A106-23F23840F068}.Debug|Any CPU.Build.0 = Debug|Any CPU
		{DDAB07DE-2D8A-4109-A106-23F23840F068}.Release|Any CPU.ActiveCfg = Release|Any CPU
		{DDAB07DE-2D8A-4109-A106-23F23840F068}.Release|Any CPU.Build.0 = Release|Any CPU
	EndGlobalSection
	GlobalSection(SolutionProperties) = preSolution
		HideSolutionNode = FALSE
	EndGlobalSection
	GlobalSection(ExtensibilityGlobals) = postSolution
		SolutionGuid = {7EAC6241-0A58-49A4-8C87-C82055B4CA73}
	EndGlobalSection
EndGlobal
