
Microsoft Visual Studio Solution File, Format Version 12.00
# Visual Studio Version 17
VisualStudioVersion = 17.5.002.0
MinimumVisualStudioVersion = 10.0.40219.1
Project("{9A19103F-16F7-4668-BE54-9A1E7A4F7556}") = "150-Basic-Calculator", "150-Basic-Calculator.csproj", "{EE933EB6-6B28-427E-9D42-C7D21EBF6472}"
EndProject
Global
	GlobalSection(SolutionConfigurationPlatforms) = preSolution
		Debug|Any CPU = Debug|Any CPU
		Release|Any CPU = Release|Any CPU
	EndGlobalSection
	GlobalSection(ProjectConfigurationPlatforms) = postSolution
		{EE933EB6-6B28-427E-9D42-C7D21EBF6472}.Debug|Any CPU.ActiveCfg = Debug|Any CPU
		{EE933EB6-6B28-427E-9D42-C7D21EBF6472}.Debug|Any CPU.Build.0 = Debug|Any CPU
		{EE933EB6-6B28-427E-9D42-C7D21EBF6472}.Release|Any CPU.ActiveCfg = Release|Any CPU
		{EE933EB6-6B28-427E-9D42-C7D21EBF6472}.Release|Any CPU.Build.0 = Release|Any CPU
	EndGlobalSection
	GlobalSection(SolutionProperties) = preSolution
		HideSolutionNode = FALSE
	EndGlobalSection
	GlobalSection(ExtensibilityGlobals) = postSolution
		SolutionGuid = {2E55AC8C-4B5F-46C9-8028-27A2D4D6073A}
	EndGlobalSection
EndGlobal
