
Microsoft Visual Studio Solution File, Format Version 12.00
# Visual Studio Version 17
VisualStudioVersion = 17.5.002.0
MinimumVisualStudioVersion = 10.0.40219.1
Project("{9A19103F-16F7-4668-BE54-9A1E7A4F7556}") = "183-Return-String-of-First-Characters", "183-Return-String-of-First-Characters.csproj", "{7DD86A84-9EC2-4E21-BC51-BFAF4FE03D2A}"
EndProject
Global
	GlobalSection(SolutionConfigurationPlatforms) = preSolution
		Debug|Any CPU = Debug|Any CPU
		Release|Any CPU = Release|Any CPU
	EndGlobalSection
	GlobalSection(ProjectConfigurationPlatforms) = postSolution
		{7DD86A84-9EC2-4E21-BC51-BFAF4FE03D2A}.Debug|Any CPU.ActiveCfg = Debug|Any CPU
		{7DD86A84-9EC2-4E21-BC51-BFAF4FE03D2A}.Debug|Any CPU.Build.0 = Debug|Any CPU
		{7DD86A84-9EC2-4E21-BC51-BFAF4FE03D2A}.Release|Any CPU.ActiveCfg = Release|Any CPU
		{7DD86A84-9EC2-4E21-BC51-BFAF4FE03D2A}.Release|Any CPU.Build.0 = Release|Any CPU
	EndGlobalSection
	GlobalSection(SolutionProperties) = preSolution
		HideSolutionNode = FALSE
	EndGlobalSection
	GlobalSection(ExtensibilityGlobals) = postSolution
		SolutionGuid = {E1D636B5-3778-41B7-88BE-591393C50E25}
	EndGlobalSection
EndGlobal
