
Microsoft Visual Studio Solution File, Format Version 12.00
# Visual Studio Version 17
VisualStudioVersion = 17.5.002.0
MinimumVisualStudioVersion = 10.0.40219.1
Project("{9A19103F-16F7-4668-BE54-9A1E7A4F7556}") = "179-Find-Nearest-square-number", "179-Find-Nearest-square-number.csproj", "{4EB0CACA-0CEF-43DA-A6AD-D65A1289FD17}"
EndProject
Global
	GlobalSection(SolutionConfigurationPlatforms) = preSolution
		Debug|Any CPU = Debug|Any CPU
		Release|Any CPU = Release|Any CPU
	EndGlobalSection
	GlobalSection(ProjectConfigurationPlatforms) = postSolution
		{4EB0CACA-0CEF-43DA-A6AD-D65A1289FD17}.Debug|Any CPU.ActiveCfg = Debug|Any CPU
		{4EB0CACA-0CEF-43DA-A6AD-D65A1289FD17}.Debug|Any CPU.Build.0 = Debug|Any CPU
		{4EB0CACA-0CEF-43DA-A6AD-D65A1289FD17}.Release|Any CPU.ActiveCfg = Release|Any CPU
		{4EB0CACA-0CEF-43DA-A6AD-D65A1289FD17}.Release|Any CPU.Build.0 = Release|Any CPU
	EndGlobalSection
	GlobalSection(SolutionProperties) = preSolution
		HideSolutionNode = FALSE
	EndGlobalSection
	GlobalSection(ExtensibilityGlobals) = postSolution
		SolutionGuid = {95D102D2-7187-414A-9EE1-406D869C3A9B}
	EndGlobalSection
EndGlobal
