
Microsoft Visual Studio Solution File, Format Version 12.00
# Visual Studio Version 17
VisualStudioVersion = 17.5.002.0
MinimumVisualStudioVersion = 10.0.40219.1
Project("{9A19103F-16F7-4668-BE54-9A1E7A4F7556}") = "201-Responsible-Drinking", "201-Responsible-Drinking.csproj", "{FD39F784-A3BB-448D-B048-1A10058B4A64}"
EndProject
Global
	GlobalSection(SolutionConfigurationPlatforms) = preSolution
		Debug|Any CPU = Debug|Any CPU
		Release|Any CPU = Release|Any CPU
	EndGlobalSection
	GlobalSection(ProjectConfigurationPlatforms) = postSolution
		{FD39F784-A3BB-448D-B048-1A10058B4A64}.Debug|Any CPU.ActiveCfg = Debug|Any CPU
		{FD39F784-A3BB-448D-B048-1A10058B4A64}.Debug|Any CPU.Build.0 = Debug|Any CPU
		{FD39F784-A3BB-448D-B048-1A10058B4A64}.Release|Any CPU.ActiveCfg = Release|Any CPU
		{FD39F784-A3BB-448D-B048-1A10058B4A64}.Release|Any CPU.Build.0 = Release|Any CPU
	EndGlobalSection
	GlobalSection(SolutionProperties) = preSolution
		HideSolutionNode = FALSE
	EndGlobalSection
	GlobalSection(ExtensibilityGlobals) = postSolution
		SolutionGuid = {36D9FB74-2B9C-4033-B64A-1934FFAEA322}
	EndGlobalSection
EndGlobal
