
Microsoft Visual Studio Solution File, Format Version 12.00
# Visual Studio Version 17
VisualStudioVersion = 17.5.002.0
MinimumVisualStudioVersion = 10.0.40219.1
Project("{9A19103F-16F7-4668-BE54-9A1E7A4F7556}") = "415-254-shades-of-grey", "415-254-shades-of-grey.csproj", "{E010FD76-4F1F-48BF-814F-421CC465D28E}"
EndProject
Global
	GlobalSection(SolutionConfigurationPlatforms) = preSolution
		Debug|Any CPU = Debug|Any CPU
		Release|Any CPU = Release|Any CPU
	EndGlobalSection
	GlobalSection(ProjectConfigurationPlatforms) = postSolution
		{E010FD76-4F1F-48BF-814F-421CC465D28E}.Debug|Any CPU.ActiveCfg = Debug|Any CPU
		{E010FD76-4F1F-48BF-814F-421CC465D28E}.Debug|Any CPU.Build.0 = Debug|Any CPU
		{E010FD76-4F1F-48BF-814F-421CC465D28E}.Release|Any CPU.ActiveCfg = Release|Any CPU
		{E010FD76-4F1F-48BF-814F-421CC465D28E}.Release|Any CPU.Build.0 = Release|Any CPU
	EndGlobalSection
	GlobalSection(SolutionProperties) = preSolution
		HideSolutionNode = FALSE
	EndGlobalSection
	GlobalSection(ExtensibilityGlobals) = postSolution
		SolutionGuid = {4CCCFA0D-ABB7-4C45-9330-77E828745DA4}
	EndGlobalSection
EndGlobal
