
Microsoft Visual Studio Solution File, Format Version 12.00
# Visual Studio Version 17
VisualStudioVersion = 17.5.002.0
MinimumVisualStudioVersion = 10.0.40219.1
Project("{9A19103F-16F7-4668-BE54-9A1E7A4F7556}") = "144-Greatest-common-divisor", "144-Greatest-common-divisor.csproj", "{CF0E71B6-1445-4AB1-A7B8-A77CA57580DA}"
EndProject
Global
	GlobalSection(SolutionConfigurationPlatforms) = preSolution
		Debug|Any CPU = Debug|Any CPU
		Release|Any CPU = Release|Any CPU
	EndGlobalSection
	GlobalSection(ProjectConfigurationPlatforms) = postSolution
		{CF0E71B6-1445-4AB1-A7B8-A77CA57580DA}.Debug|Any CPU.ActiveCfg = Debug|Any CPU
		{CF0E71B6-1445-4AB1-A7B8-A77CA57580DA}.Debug|Any CPU.Build.0 = Debug|Any CPU
		{CF0E71B6-1445-4AB1-A7B8-A77CA57580DA}.Release|Any CPU.ActiveCfg = Release|Any CPU
		{CF0E71B6-1445-4AB1-A7B8-A77CA57580DA}.Release|Any CPU.Build.0 = Release|Any CPU
	EndGlobalSection
	GlobalSection(SolutionProperties) = preSolution
		HideSolutionNode = FALSE
	EndGlobalSection
	GlobalSection(ExtensibilityGlobals) = postSolution
		SolutionGuid = {EE84DAC6-E50E-42FA-90FE-91FC90A14EA4}
	EndGlobalSection
EndGlobal
