
Microsoft Visual Studio Solution File, Format Version 12.00
# Visual Studio Version 17
VisualStudioVersion = 17.5.002.0
MinimumVisualStudioVersion = 10.0.40219.1
Project("{9A19103F-16F7-4668-BE54-9A1E7A4F7556}") = "094-Parts-of-a-list", "094-Parts-of-a-list.csproj", "{6AD45541-20E6-4AB0-A713-45E140EF4FAF}"
EndProject
Global
	GlobalSection(SolutionConfigurationPlatforms) = preSolution
		Debug|Any CPU = Debug|Any CPU
		Release|Any CPU = Release|Any CPU
	EndGlobalSection
	GlobalSection(ProjectConfigurationPlatforms) = postSolution
		{6AD45541-20E6-4AB0-A713-45E140EF4FAF}.Debug|Any CPU.ActiveCfg = Debug|Any CPU
		{6AD45541-20E6-4AB0-A713-45E140EF4FAF}.Debug|Any CPU.Build.0 = Debug|Any CPU
		{6AD45541-20E6-4AB0-A713-45E140EF4FAF}.Release|Any CPU.ActiveCfg = Release|Any CPU
		{6AD45541-20E6-4AB0-A713-45E140EF4FAF}.Release|Any CPU.Build.0 = Release|Any CPU
	EndGlobalSection
	GlobalSection(SolutionProperties) = preSolution
		HideSolutionNode = FALSE
	EndGlobalSection
	GlobalSection(ExtensibilityGlobals) = postSolution
		SolutionGuid = {501C8497-02AF-492C-9442-DBF424C93A8D}
	EndGlobalSection
EndGlobal
