
Microsoft Visual Studio Solution File, Format Version 12.00
# Visual Studio Version 17
VisualStudioVersion = 17.5.002.0
MinimumVisualStudioVersion = 10.0.40219.1
Project("{9A19103F-16F7-4668-BE54-9A1E7A4F7556}") = "032-Reverse-words", "032-Reverse-words.csproj", "{8A7DF4DD-F3F5-4314-9F1A-588A6C95DCBB}"
EndProject
Global
	GlobalSection(SolutionConfigurationPlatforms) = preSolution
		Debug|Any CPU = Debug|Any CPU
		Release|Any CPU = Release|Any CPU
	EndGlobalSection
	GlobalSection(ProjectConfigurationPlatforms) = postSolution
		{8A7DF4DD-F3F5-4314-9F1A-588A6C95DCBB}.Debug|Any CPU.ActiveCfg = Debug|Any CPU
		{8A7DF4DD-F3F5-4314-9F1A-588A6C95DCBB}.Debug|Any CPU.Build.0 = Debug|Any CPU
		{8A7DF4DD-F3F5-4314-9F1A-588A6C95DCBB}.Release|Any CPU.ActiveCfg = Release|Any CPU
		{8A7DF4DD-F3F5-4314-9F1A-588A6C95DCBB}.Release|Any CPU.Build.0 = Release|Any CPU
	EndGlobalSection
	GlobalSection(SolutionProperties) = preSolution
		HideSolutionNode = FALSE
	EndGlobalSection
	GlobalSection(ExtensibilityGlobals) = postSolution
		SolutionGuid = {82B1FFE4-E3CF-4011-917D-FD9C85EA4A6F}
	EndGlobalSection
EndGlobal
