
Microsoft Visual Studio Solution File, Format Version 12.00
# Visual Studio Version 17
VisualStudioVersion = 17.5.002.0
MinimumVisualStudioVersion = 10.0.40219.1
Project("{9A19103F-16F7-4668-BE54-9A1E7A4F7556}") = "145-FIXME-Replace-all-dots", "145-FIXME-Replace-all-dots.csproj", "{FEC65291-89B2-4D47-BEBA-AA892397BAB2}"
EndProject
Global
	GlobalSection(SolutionConfigurationPlatforms) = preSolution
		Debug|Any CPU = Debug|Any CPU
		Release|Any CPU = Release|Any CPU
	EndGlobalSection
	GlobalSection(ProjectConfigurationPlatforms) = postSolution
		{FEC65291-89B2-4D47-BEBA-AA892397BAB2}.Debug|Any CPU.ActiveCfg = Debug|Any CPU
		{FEC65291-89B2-4D47-BEBA-AA892397BAB2}.Debug|Any CPU.Build.0 = Debug|Any CPU
		{FEC65291-89B2-4D47-BEBA-AA892397BAB2}.Release|Any CPU.ActiveCfg = Release|Any CPU
		{FEC65291-89B2-4D47-BEBA-AA892397BAB2}.Release|Any CPU.Build.0 = Release|Any CPU
	EndGlobalSection
	GlobalSection(SolutionProperties) = preSolution
		HideSolutionNode = FALSE
	EndGlobalSection
	GlobalSection(ExtensibilityGlobals) = postSolution
		SolutionGuid = {D4454CBC-B5E3-4954-BDC2-5BB3EF9B1E2D}
	EndGlobalSection
EndGlobal
