
Microsoft Visual Studio Solution File, Format Version 12.00
# Visual Studio Version 17
VisualStudioVersion = 17.5.002.0
MinimumVisualStudioVersion = 10.0.40219.1
Project("{9A19103F-16F7-4668-BE54-9A1E7A4F7556}") = "106-Filter-out-the-geese", "106-Filter-out-the-geese.csproj", "{78D3BF61-322A-4222-95C1-80C9666CA047}"
EndProject
Global
	GlobalSection(SolutionConfigurationPlatforms) = preSolution
		Debug|Any CPU = Debug|Any CPU
		Release|Any CPU = Release|Any CPU
	EndGlobalSection
	GlobalSection(ProjectConfigurationPlatforms) = postSolution
		{78D3BF61-322A-4222-95C1-80C9666CA047}.Debug|Any CPU.ActiveCfg = Debug|Any CPU
		{78D3BF61-322A-4222-95C1-80C9666CA047}.Debug|Any CPU.Build.0 = Debug|Any CPU
		{78D3BF61-322A-4222-95C1-80C9666CA047}.Release|Any CPU.ActiveCfg = Release|Any CPU
		{78D3BF61-322A-4222-95C1-80C9666CA047}.Release|Any CPU.Build.0 = Release|Any CPU
	EndGlobalSection
	GlobalSection(SolutionProperties) = preSolution
		HideSolutionNode = FALSE
	EndGlobalSection
	GlobalSection(ExtensibilityGlobals) = postSolution
		SolutionGuid = {D1A228C0-660E-4394-89DC-DAC6CFDABF15}
	EndGlobalSection
EndGlobal
