
Microsoft Visual Studio Solution File, Format Version 12.00
# Visual Studio Version 17
VisualStudioVersion = 17.5.002.0
MinimumVisualStudioVersion = 10.0.40219.1
Project("{9A19103F-16F7-4668-BE54-9A1E7A4F7556}") = "189-Define-a-card-suit", "189-Define-a-card-suit.csproj", "{7FABA0AA-4953-4030-A126-70E1B06A5F21}"
EndProject
Global
	GlobalSection(SolutionConfigurationPlatforms) = preSolution
		Debug|Any CPU = Debug|Any CPU
		Release|Any CPU = Release|Any CPU
	EndGlobalSection
	GlobalSection(ProjectConfigurationPlatforms) = postSolution
		{7FABA0AA-4953-4030-A126-70E1B06A5F21}.Debug|Any CPU.ActiveCfg = Debug|Any CPU
		{7FABA0AA-4953-4030-A126-70E1B06A5F21}.Debug|Any CPU.Build.0 = Debug|Any CPU
		{7FABA0AA-4953-4030-A126-70E1B06A5F21}.Release|Any CPU.ActiveCfg = Release|Any CPU
		{7FABA0AA-4953-4030-A126-70E1B06A5F21}.Release|Any CPU.Build.0 = Release|Any CPU
	EndGlobalSection
	GlobalSection(SolutionProperties) = preSolution
		HideSolutionNode = FALSE
	EndGlobalSection
	GlobalSection(ExtensibilityGlobals) = postSolution
		SolutionGuid = {EACB1B31-679F-4DAB-B6B5-B8D30913E756}
	EndGlobalSection
EndGlobal
