
Microsoft Visual Studio Solution File, Format Version 12.00
# Visual Studio Version 17
VisualStudioVersion = 17.5.002.0
MinimumVisualStudioVersion = 10.0.40219.1
Project("{9A19103F-16F7-4668-BE54-9A1E7A4F7556}") = "014-Complementary-DNA", "014-Complementary-DNA.csproj", "{7924A512-929C-4DC6-89AC-957265E35B86}"
EndProject
Global
	GlobalSection(SolutionConfigurationPlatforms) = preSolution
		Debug|Any CPU = Debug|Any CPU
		Release|Any CPU = Release|Any CPU
	EndGlobalSection
	GlobalSection(ProjectConfigurationPlatforms) = postSolution
		{7924A512-929C-4DC6-89AC-957265E35B86}.Debug|Any CPU.ActiveCfg = Debug|Any CPU
		{7924A512-929C-4DC6-89AC-957265E35B86}.Debug|Any CPU.Build.0 = Debug|Any CPU
		{7924A512-929C-4DC6-89AC-957265E35B86}.Release|Any CPU.ActiveCfg = Release|Any CPU
		{7924A512-929C-4DC6-89AC-957265E35B86}.Release|Any CPU.Build.0 = Release|Any CPU
	EndGlobalSection
	GlobalSection(SolutionProperties) = preSolution
		HideSolutionNode = FALSE
	EndGlobalSection
	GlobalSection(ExtensibilityGlobals) = postSolution
		SolutionGuid = {1EA5870C-C024-48BE-9E6F-4CAD4727C21F}
	EndGlobalSection
EndGlobal
