
Microsoft Visual Studio Solution File, Format Version 12.00
# Visual Studio Version 17
VisualStudioVersion = 17.5.002.0
MinimumVisualStudioVersion = 10.0.40219.1
Project("{9A19103F-16F7-4668-BE54-9A1E7A4F7556}") = "515-Power-of-4", "515-Power-of-4.csproj", "{357D6441-EC47-4BD3-A40E-9450C2ACBF85}"
EndProject
Global
	GlobalSection(SolutionConfigurationPlatforms) = preSolution
		Debug|Any CPU = Debug|Any CPU
		Release|Any CPU = Release|Any CPU
	EndGlobalSection
	GlobalSection(ProjectConfigurationPlatforms) = postSolution
		{357D6441-EC47-4BD3-A40E-9450C2ACBF85}.Debug|Any CPU.ActiveCfg = Debug|Any CPU
		{357D6441-EC47-4BD3-A40E-9450C2ACBF85}.Debug|Any CPU.Build.0 = Debug|Any CPU
		{357D6441-EC47-4BD3-A40E-9450C2ACBF85}.Release|Any CPU.ActiveCfg = Release|Any CPU
		{357D6441-EC47-4BD3-A40E-9450C2ACBF85}.Release|Any CPU.Build.0 = Release|Any CPU
	EndGlobalSection
	GlobalSection(SolutionProperties) = preSolution
		HideSolutionNode = FALSE
	EndGlobalSection
	GlobalSection(ExtensibilityGlobals) = postSolution
		SolutionGuid = {E265BE7F-5DFA-4C1C-92C4-26B8B3E7B9FE}
	EndGlobalSection
EndGlobal
