
Microsoft Visual Studio Solution File, Format Version 12.00
# Visual Studio Version 17
VisualStudioVersion = 17.5.002.0
MinimumVisualStudioVersion = 10.0.40219.1
Project("{9A19103F-16F7-4668-BE54-9A1E7A4F7556}") = "556-Guess-the-Word-Count-Matching-Letters", "556-Guess-the-Word-Count-Matching-Letters.csproj", "{517AFB75-F566-4D68-9D65-834C21794143}"
EndProject
Global
	GlobalSection(SolutionConfigurationPlatforms) = preSolution
		Debug|Any CPU = Debug|Any CPU
		Release|Any CPU = Release|Any CPU
	EndGlobalSection
	GlobalSection(ProjectConfigurationPlatforms) = postSolution
		{517AFB75-F566-4D68-9D65-834C21794143}.Debug|Any CPU.ActiveCfg = Debug|Any CPU
		{517AFB75-F566-4D68-9D65-834C21794143}.Debug|Any CPU.Build.0 = Debug|Any CPU
		{517AFB75-F566-4D68-9D65-834C21794143}.Release|Any CPU.ActiveCfg = Release|Any CPU
		{517AFB75-F566-4D68-9D65-834C21794143}.Release|Any CPU.Build.0 = Release|Any CPU
	EndGlobalSection
	GlobalSection(SolutionProperties) = preSolution
		HideSolutionNode = FALSE
	EndGlobalSection
	GlobalSection(ExtensibilityGlobals) = postSolution
		SolutionGuid = {FF23BE31-38A6-4123-9A21-0009BEFB559C}
	EndGlobalSection
EndGlobal
