
Microsoft Visual Studio Solution File, Format Version 12.00
# Visual Studio Version 17
VisualStudioVersion = 17.5.002.0
MinimumVisualStudioVersion = 10.0.40219.1
Project("{9A19103F-16F7-4668-BE54-9A1E7A4F7556}") = "192-Find-the-Difference-in-Age-between-Oldest-and-Youngest-Family-Members", "192-Find-the-Difference-in-Age-between-Oldest-and-Youngest-Family-Members.csproj", "{0A2B4DA9-3FB2-4F1C-83F0-E6B463844857}"
EndProject
Global
	GlobalSection(SolutionConfigurationPlatforms) = preSolution
		Debug|Any CPU = Debug|Any CPU
		Release|Any CPU = Release|Any CPU
	EndGlobalSection
	GlobalSection(ProjectConfigurationPlatforms) = postSolution
		{0A2B4DA9-3FB2-4F1C-83F0-E6B463844857}.Debug|Any CPU.ActiveCfg = Debug|Any CPU
		{0A2B4DA9-3FB2-4F1C-83F0-E6B463844857}.Debug|Any CPU.Build.0 = Debug|Any CPU
		{0A2B4DA9-3FB2-4F1C-83F0-E6B463844857}.Release|Any CPU.ActiveCfg = Release|Any CPU
		{0A2B4DA9-3FB2-4F1C-83F0-E6B463844857}.Release|Any CPU.Build.0 = Release|Any CPU
	EndGlobalSection
	GlobalSection(SolutionProperties) = preSolution
		HideSolutionNode = FALSE
	EndGlobalSection
	GlobalSection(ExtensibilityGlobals) = postSolution
		SolutionGuid = {7A7B633D-0620-44CE-8DD6-AB991A0BDE4D}
	EndGlobalSection
EndGlobal
