
Microsoft Visual Studio Solution File, Format Version 12.00
# Visual Studio Version 17
VisualStudioVersion = 17.5.002.0
MinimumVisualStudioVersion = 10.0.40219.1
Project("{9A19103F-16F7-4668-BE54-9A1E7A4F7556}") = "046-Find-the-middle-element", "046-Find-the-middle-element.csproj", "{ECF8A515-1E78-443A-A01C-916ADD901541}"
EndProject
Global
	GlobalSection(SolutionConfigurationPlatforms) = preSolution
		Debug|Any CPU = Debug|Any CPU
		Release|Any CPU = Release|Any CPU
	EndGlobalSection
	GlobalSection(ProjectConfigurationPlatforms) = postSolution
		{ECF8A515-1E78-443A-A01C-916ADD901541}.Debug|Any CPU.ActiveCfg = Debug|Any CPU
		{ECF8A515-1E78-443A-A01C-916ADD901541}.Debug|Any CPU.Build.0 = Debug|Any CPU
		{ECF8A515-1E78-443A-A01C-916ADD901541}.Release|Any CPU.ActiveCfg = Release|Any CPU
		{ECF8A515-1E78-443A-A01C-916ADD901541}.Release|Any CPU.Build.0 = Release|Any CPU
	EndGlobalSection
	GlobalSection(SolutionProperties) = preSolution
		HideSolutionNode = FALSE
	EndGlobalSection
	GlobalSection(ExtensibilityGlobals) = postSolution
		SolutionGuid = {4EE99AC4-B494-4BD8-88BD-E9D4C9D861A8}
	EndGlobalSection
EndGlobal
