
Microsoft Visual Studio Solution File, Format Version 12.00
# Visual Studio Version 17
VisualStudioVersion = 17.5.002.0
MinimumVisualStudioVersion = 10.0.40219.1
Project("{9A19103F-16F7-4668-BE54-9A1E7A4F7556}") = "045-Will-you-make-it", "045-Will-you-make-it.csproj", "{B5DF8F1F-B3B5-460F-BE87-CA67612FB1CA}"
EndProject
Global
	GlobalSection(SolutionConfigurationPlatforms) = preSolution
		Debug|Any CPU = Debug|Any CPU
		Release|Any CPU = Release|Any CPU
	EndGlobalSection
	GlobalSection(ProjectConfigurationPlatforms) = postSolution
		{B5DF8F1F-B3B5-460F-BE87-CA67612FB1CA}.Debug|Any CPU.ActiveCfg = Debug|Any CPU
		{B5DF8F1F-B3B5-460F-BE87-CA67612FB1CA}.Debug|Any CPU.Build.0 = Debug|Any CPU
		{B5DF8F1F-B3B5-460F-BE87-CA67612FB1CA}.Release|Any CPU.ActiveCfg = Release|Any CPU
		{B5DF8F1F-B3B5-460F-BE87-CA67612FB1CA}.Release|Any CPU.Build.0 = Release|Any CPU
	EndGlobalSection
	GlobalSection(SolutionProperties) = preSolution
		HideSolutionNode = FALSE
	EndGlobalSection
	GlobalSection(ExtensibilityGlobals) = postSolution
		SolutionGuid = {B2AE6118-E7DA-4A93-8C22-E2B0C9E66BC3}
	EndGlobalSection
EndGlobal
