
Microsoft Visual Studio Solution File, Format Version 12.00
# Visual Studio Version 17
VisualStudioVersion = 17.5.002.0
MinimumVisualStudioVersion = 10.0.40219.1
Project("{9A19103F-16F7-4668-BE54-9A1E7A4F7556}") = "488-Only-one", "488-Only-one.csproj", "{EC1907B8-9860-4449-BEE5-37E2E7CB8218}"
EndProject
Global
	GlobalSection(SolutionConfigurationPlatforms) = preSolution
		Debug|Any CPU = Debug|Any CPU
		Release|Any CPU = Release|Any CPU
	EndGlobalSection
	GlobalSection(ProjectConfigurationPlatforms) = postSolution
		{EC1907B8-9860-4449-BEE5-37E2E7CB8218}.Debug|Any CPU.ActiveCfg = Debug|Any CPU
		{EC1907B8-9860-4449-BEE5-37E2E7CB8218}.Debug|Any CPU.Build.0 = Debug|Any CPU
		{EC1907B8-9860-4449-BEE5-37E2E7CB8218}.Release|Any CPU.ActiveCfg = Release|Any CPU
		{EC1907B8-9860-4449-BEE5-37E2E7CB8218}.Release|Any CPU.Build.0 = Release|Any CPU
	EndGlobalSection
	GlobalSection(SolutionProperties) = preSolution
		HideSolutionNode = FALSE
	EndGlobalSection
	GlobalSection(ExtensibilityGlobals) = postSolution
		SolutionGuid = {29047AED-EBB4-43E6-A8B7-2DEB04E0BE68}
	EndGlobalSection
EndGlobal
