
Microsoft Visual Studio Solution File, Format Version 12.00
# Visual Studio Version 17
VisualStudioVersion = 17.5.002.0
MinimumVisualStudioVersion = 10.0.40219.1
Project("{9A19103F-16F7-4668-BE54-9A1E7A4F7556}") = "267-Unique-Sum", "267-Unique-Sum.csproj", "{93F16958-763F-460E-B61E-E85C6747DFCE}"
EndProject
Global
	GlobalSection(SolutionConfigurationPlatforms) = preSolution
		Debug|Any CPU = Debug|Any CPU
		Release|Any CPU = Release|Any CPU
	EndGlobalSection
	GlobalSection(ProjectConfigurationPlatforms) = postSolution
		{93F16958-763F-460E-B61E-E85C6747DFCE}.Debug|Any CPU.ActiveCfg = Debug|Any CPU
		{93F16958-763F-460E-B61E-E85C6747DFCE}.Debug|Any CPU.Build.0 = Debug|Any CPU
		{93F16958-763F-460E-B61E-E85C6747DFCE}.Release|Any CPU.ActiveCfg = Release|Any CPU
		{93F16958-763F-460E-B61E-E85C6747DFCE}.Release|Any CPU.Build.0 = Release|Any CPU
	EndGlobalSection
	GlobalSection(SolutionProperties) = preSolution
		HideSolutionNode = FALSE
	EndGlobalSection
	GlobalSection(ExtensibilityGlobals) = postSolution
		SolutionGuid = {420B3957-5745-4C08-9CF7-A72A2C48D57B}
	EndGlobalSection
EndGlobal
