
Microsoft Visual Studio Solution File, Format Version 12.00
# Visual Studio Version 17
VisualStudioVersion = 17.5.002.0
MinimumVisualStudioVersion = 10.0.40219.1
Project("{9A19103F-16F7-4668-BE54-9A1E7A4F7556}") = "578-Regexp-Basics-is-it-a-six-bit-unsigned-number", "578-Regexp-Basics-is-it-a-six-bit-unsigned-number.csproj", "{DFA91D11-8097-4620-B6FB-EE8845EF81D0}"
EndProject
Global
	GlobalSection(SolutionConfigurationPlatforms) = preSolution
		Debug|Any CPU = Debug|Any CPU
		Release|Any CPU = Release|Any CPU
	EndGlobalSection
	GlobalSection(ProjectConfigurationPlatforms) = postSolution
		{DFA91D11-8097-4620-B6FB-EE8845EF81D0}.Debug|Any CPU.ActiveCfg = Debug|Any CPU
		{DFA91D11-8097-4620-B6FB-EE8845EF81D0}.Debug|Any CPU.Build.0 = Debug|Any CPU
		{DFA91D11-8097-4620-B6FB-EE8845EF81D0}.Release|Any CPU.ActiveCfg = Release|Any CPU
		{DFA91D11-8097-4620-B6FB-EE8845EF81D0}.Release|Any CPU.Build.0 = Release|Any CPU
	EndGlobalSection
	GlobalSection(SolutionProperties) = preSolution
		HideSolutionNode = FALSE
	EndGlobalSection
	GlobalSection(ExtensibilityGlobals) = postSolution
		SolutionGuid = {8B9F4864-44E0-4C23-A695-6F1DFEAAF4A1}
	EndGlobalSection
EndGlobal
