
Microsoft Visual Studio Solution File, Format Version 12.00
# Visual Studio Version 17
VisualStudioVersion = 17.5.002.0
MinimumVisualStudioVersion = 10.0.40219.1
Project("{9A19103F-16F7-4668-BE54-9A1E7A4F7556}") = "284-Help-Suzuki-rake-his-garden", "284-Help-Suzuki-rake-his-garden.csproj", "{38C1AC3D-65EF-4620-8EF0-FB535A5CF21D}"
EndProject
Global
	GlobalSection(SolutionConfigurationPlatforms) = preSolution
		Debug|Any CPU = Debug|Any CPU
		Release|Any CPU = Release|Any CPU
	EndGlobalSection
	GlobalSection(ProjectConfigurationPlatforms) = postSolution
		{38C1AC3D-65EF-4620-8EF0-FB535A5CF21D}.Debug|Any CPU.ActiveCfg = Debug|Any CPU
		{38C1AC3D-65EF-4620-8EF0-FB535A5CF21D}.Debug|Any CPU.Build.0 = Debug|Any CPU
		{38C1AC3D-65EF-4620-8EF0-FB535A5CF21D}.Release|Any CPU.ActiveCfg = Release|Any CPU
		{38C1AC3D-65EF-4620-8EF0-FB535A5CF21D}.Release|Any CPU.Build.0 = Release|Any CPU
	EndGlobalSection
	GlobalSection(SolutionProperties) = preSolution
		HideSolutionNode = FALSE
	EndGlobalSection
	GlobalSection(ExtensibilityGlobals) = postSolution
		SolutionGuid = {2A6ED72F-4ECD-4B04-9E5D-804F7ABAE01D}
	EndGlobalSection
EndGlobal
