
Microsoft Visual Studio Solution File, Format Version 12.00
# Visual Studio Version 17
VisualStudioVersion = 17.5.002.0
MinimumVisualStudioVersion = 10.0.40219.1
Project("{9A19103F-16F7-4668-BE54-9A1E7A4F7556}") = "560-Simple-array-product", "560-Simple-array-product.csproj", "{B479CEAF-CBD1-4BAB-9644-511590F95CEC}"
EndProject
Global
	GlobalSection(SolutionConfigurationPlatforms) = preSolution
		Debug|Any CPU = Debug|Any CPU
		Release|Any CPU = Release|Any CPU
	EndGlobalSection
	GlobalSection(ProjectConfigurationPlatforms) = postSolution
		{B479CEAF-CBD1-4BAB-9644-511590F95CEC}.Debug|Any CPU.ActiveCfg = Debug|Any CPU
		{B479CEAF-CBD1-4BAB-9644-511590F95CEC}.Debug|Any CPU.Build.0 = Debug|Any CPU
		{B479CEAF-CBD1-4BAB-9644-511590F95CEC}.Release|Any CPU.ActiveCfg = Release|Any CPU
		{B479CEAF-CBD1-4BAB-9644-511590F95CEC}.Release|Any CPU.Build.0 = Release|Any CPU
	EndGlobalSection
	GlobalSection(SolutionProperties) = preSolution
		HideSolutionNode = FALSE
	EndGlobalSection
	GlobalSection(ExtensibilityGlobals) = postSolution
		SolutionGuid = {BBE98597-7AB3-4C96-BCE5-09B2B2BB88F9}
	EndGlobalSection
EndGlobal
