
Microsoft Visual Studio Solution File, Format Version 12.00
# Visual Studio Version 17
VisualStudioVersion = 17.5.002.0
MinimumVisualStudioVersion = 10.0.40219.1
Project("{9A19103F-16F7-4668-BE54-9A1E7A4F7556}") = "149-Determine-offspring-sex-based-on-genes-XX-and-XY-chromosomes", "149-Determine-offspring-sex-based-on-genes-XX-and-XY-chromosomes.csproj", "{8FB17F45-7A3C-40CC-B0BB-94899066A468}"
EndProject
Global
	GlobalSection(SolutionConfigurationPlatforms) = preSolution
		Debug|Any CPU = Debug|Any CPU
		Release|Any CPU = Release|Any CPU
	EndGlobalSection
	GlobalSection(ProjectConfigurationPlatforms) = postSolution
		{8FB17F45-7A3C-40CC-B0BB-94899066A468}.Debug|Any CPU.ActiveCfg = Debug|Any CPU
		{8FB17F45-7A3C-40CC-B0BB-94899066A468}.Debug|Any CPU.Build.0 = Debug|Any CPU
		{8FB17F45-7A3C-40CC-B0BB-94899066A468}.Release|Any CPU.ActiveCfg = Release|Any CPU
		{8FB17F45-7A3C-40CC-B0BB-94899066A468}.Release|Any CPU.Build.0 = Release|Any CPU
	EndGlobalSection
	GlobalSection(SolutionProperties) = preSolution
		HideSolutionNode = FALSE
	EndGlobalSection
	GlobalSection(ExtensibilityGlobals) = postSolution
		SolutionGuid = {6C3121BB-0A2E-4270-AC0C-3FD9466A2A2A}
	EndGlobalSection
EndGlobal
