
Microsoft Visual Studio Solution File, Format Version 12.00
# Visual Studio Version 17
VisualStudioVersion = 17.5.002.0
MinimumVisualStudioVersion = 10.0.40219.1
Project("{9A19103F-16F7-4668-BE54-9A1E7A4F7556}") = "233-The-falling-speed-of-petals", "233-The-falling-speed-of-petals.csproj", "{7A6EC111-2776-469F-ABCF-DCA4EF820FC4}"
EndProject
Global
	GlobalSection(SolutionConfigurationPlatforms) = preSolution
		Debug|Any CPU = Debug|Any CPU
		Release|Any CPU = Release|Any CPU
	EndGlobalSection
	GlobalSection(ProjectConfigurationPlatforms) = postSolution
		{7A6EC111-2776-469F-ABCF-DCA4EF820FC4}.Debug|Any CPU.ActiveCfg = Debug|Any CPU
		{7A6EC111-2776-469F-ABCF-DCA4EF820FC4}.Debug|Any CPU.Build.0 = Debug|Any CPU
		{7A6EC111-2776-469F-ABCF-DCA4EF820FC4}.Release|Any CPU.ActiveCfg = Release|Any CPU
		{7A6EC111-2776-469F-ABCF-DCA4EF820FC4}.Release|Any CPU.Build.0 = Release|Any CPU
	EndGlobalSection
	GlobalSection(SolutionProperties) = preSolution
		HideSolutionNode = FALSE
	EndGlobalSection
	GlobalSection(ExtensibilityGlobals) = postSolution
		SolutionGuid = {9DFCFA71-B8CF-40BD-9141-32CFD7341FD8}
	EndGlobalSection
EndGlobal
