
Microsoft Visual Studio Solution File, Format Version 12.00
# Visual Studio Version 17
VisualStudioVersion = 17.5.002.0
MinimumVisualStudioVersion = 10.0.40219.1
Project("{9A19103F-16F7-4668-BE54-9A1E7A4F7556}") = "436-Complete-The-Pattern-6-Odd-Ladder", "436-Complete-The-Pattern-6-Odd-Ladder.csproj", "{38AFF807-6BDA-4C32-A867-DD82C9823413}"
EndProject
Global
	GlobalSection(SolutionConfigurationPlatforms) = preSolution
		Debug|Any CPU = Debug|Any CPU
		Release|Any CPU = Release|Any CPU
	EndGlobalSection
	GlobalSection(ProjectConfigurationPlatforms) = postSolution
		{38AFF807-6BDA-4C32-A867-DD82C9823413}.Debug|Any CPU.ActiveCfg = Debug|Any CPU
		{38AFF807-6BDA-4C32-A867-DD82C9823413}.Debug|Any CPU.Build.0 = Debug|Any CPU
		{38AFF807-6BDA-4C32-A867-DD82C9823413}.Release|Any CPU.ActiveCfg = Release|Any CPU
		{38AFF807-6BDA-4C32-A867-DD82C9823413}.Release|Any CPU.Build.0 = Release|Any CPU
	EndGlobalSection
	GlobalSection(SolutionProperties) = preSolution
		HideSolutionNode = FALSE
	EndGlobalSection
	GlobalSection(ExtensibilityGlobals) = postSolution
		SolutionGuid = {EDE6B7F0-5FCC-4EC4-A120-F04B4C7E120C}
	EndGlobalSection
EndGlobal
