
Microsoft Visual Studio Solution File, Format Version 12.00
# Visual Studio Version 17
VisualStudioVersion = 17.5.002.0
MinimumVisualStudioVersion = 10.0.40219.1
Project("{9A19103F-16F7-4668-BE54-9A1E7A4F7556}") = "290-Pandemia", "290-Pandemia.csproj", "{2A45E39F-6E96-4A0E-8024-313995F6D0FE}"
EndProject
Global
	GlobalSection(SolutionConfigurationPlatforms) = preSolution
		Debug|Any CPU = Debug|Any CPU
		Release|Any CPU = Release|Any CPU
	EndGlobalSection
	GlobalSection(ProjectConfigurationPlatforms) = postSolution
		{2A45E39F-6E96-4A0E-8024-313995F6D0FE}.Debug|Any CPU.ActiveCfg = Debug|Any CPU
		{2A45E39F-6E96-4A0E-8024-313995F6D0FE}.Debug|Any CPU.Build.0 = Debug|Any CPU
		{2A45E39F-6E96-4A0E-8024-313995F6D0FE}.Release|Any CPU.ActiveCfg = Release|Any CPU
		{2A45E39F-6E96-4A0E-8024-313995F6D0FE}.Release|Any CPU.Build.0 = Release|Any CPU
	EndGlobalSection
	GlobalSection(SolutionProperties) = preSolution
		HideSolutionNode = FALSE
	EndGlobalSection
	GlobalSection(ExtensibilityGlobals) = postSolution
		SolutionGuid = {0AA0B618-9995-4345-9A4A-908BD22E6B98}
	EndGlobalSection
EndGlobal
