
Microsoft Visual Studio Solution File, Format Version 12.00
# Visual Studio Version 17
VisualStudioVersion = 17.5.002.0
MinimumVisualStudioVersion = 10.0.40219.1
Project("{9A19103F-16F7-4668-BE54-9A1E7A4F7556}") = "121-Automorphic-Number-Special-Numbers-Series-6", "121-Automorphic-Number-Special-Numbers-Series-6.csproj", "{FE1B21B9-528D-4E38-99FA-0FC144FED11C}"
EndProject
Global
	GlobalSection(SolutionConfigurationPlatforms) = preSolution
		Debug|Any CPU = Debug|Any CPU
		Release|Any CPU = Release|Any CPU
	EndGlobalSection
	GlobalSection(ProjectConfigurationPlatforms) = postSolution
		{FE1B21B9-528D-4E38-99FA-0FC144FED11C}.Debug|Any CPU.ActiveCfg = Debug|Any CPU
		{FE1B21B9-528D-4E38-99FA-0FC144FED11C}.Debug|Any CPU.Build.0 = Debug|Any CPU
		{FE1B21B9-528D-4E38-99FA-0FC144FED11C}.Release|Any CPU.ActiveCfg = Release|Any CPU
		{FE1B21B9-528D-4E38-99FA-0FC144FED11C}.Release|Any CPU.Build.0 = Release|Any CPU
	EndGlobalSection
	GlobalSection(SolutionProperties) = preSolution
		HideSolutionNode = FALSE
	EndGlobalSection
	GlobalSection(ExtensibilityGlobals) = postSolution
		SolutionGuid = {DC546502-F582-4816-B3FE-AE513E57EF01}
	EndGlobalSection
EndGlobal
