
Microsoft Visual Studio Solution File, Format Version 12.00
# Visual Studio Version 17
VisualStudioVersion = 17.5.002.0
MinimumVisualStudioVersion = 10.0.40219.1
Project("{9A19103F-16F7-4668-BE54-9A1E7A4F7556}") = "181-Consecutive-items", "181-Consecutive-items.csproj", "{AE102C08-A962-41EA-85B0-A600B9F348F4}"
EndProject
Global
	GlobalSection(SolutionConfigurationPlatforms) = preSolution
		Debug|Any CPU = Debug|Any CPU
		Release|Any CPU = Release|Any CPU
	EndGlobalSection
	GlobalSection(ProjectConfigurationPlatforms) = postSolution
		{AE102C08-A962-41EA-85B0-A600B9F348F4}.Debug|Any CPU.ActiveCfg = Debug|Any CPU
		{AE102C08-A962-41EA-85B0-A600B9F348F4}.Debug|Any CPU.Build.0 = Debug|Any CPU
		{AE102C08-A962-41EA-85B0-A600B9F348F4}.Release|Any CPU.ActiveCfg = Release|Any CPU
		{AE102C08-A962-41EA-85B0-A600B9F348F4}.Release|Any CPU.Build.0 = Release|Any CPU
	EndGlobalSection
	GlobalSection(SolutionProperties) = preSolution
		HideSolutionNode = FALSE
	EndGlobalSection
	GlobalSection(ExtensibilityGlobals) = postSolution
		SolutionGuid = {87D14C0F-B19A-4670-9A42-30C4FA1BED6F}
	EndGlobalSection
EndGlobal
