
Microsoft Visual Studio Solution File, Format Version 12.00
# Visual Studio Version 17
VisualStudioVersion = 17.5.002.0
MinimumVisualStudioVersion = 10.0.40219.1
Project("{9A19103F-16F7-4668-BE54-9A1E7A4F7556}") = "057-Simple-Fun-176-Reverse-Letter", "057-Simple-Fun-176-Reverse-Letter.csproj", "{18F42206-ABB5-4492-9D44-4ED6B8490E7F}"
EndProject
Global
	GlobalSection(SolutionConfigurationPlatforms) = preSolution
		Debug|Any CPU = Debug|Any CPU
		Release|Any CPU = Release|Any CPU
	EndGlobalSection
	GlobalSection(ProjectConfigurationPlatforms) = postSolution
		{18F42206-ABB5-4492-9D44-4ED6B8490E7F}.Debug|Any CPU.ActiveCfg = Debug|Any CPU
		{18F42206-ABB5-4492-9D44-4ED6B8490E7F}.Debug|Any CPU.Build.0 = Debug|Any CPU
		{18F42206-ABB5-4492-9D44-4ED6B8490E7F}.Release|Any CPU.ActiveCfg = Release|Any CPU
		{18F42206-ABB5-4492-9D44-4ED6B8490E7F}.Release|Any CPU.Build.0 = Release|Any CPU
	EndGlobalSection
	GlobalSection(SolutionProperties) = preSolution
		HideSolutionNode = FALSE
	EndGlobalSection
	GlobalSection(ExtensibilityGlobals) = postSolution
		SolutionGuid = {1651A57C-3B1C-4FD6-9B34-552DBFF942B8}
	EndGlobalSection
EndGlobal
