
Microsoft Visual Studio Solution File, Format Version 12.00
# Visual Studio Version 17
VisualStudioVersion = 17.5.002.0
MinimumVisualStudioVersion = 10.0.40219.1
Project("{9A19103F-16F7-4668-BE54-9A1E7A4F7556}") = "230-Draw-stairs", "230-Draw-stairs.csproj", "{BCDB0E75-1162-4075-8C3A-093192C4B5AD}"
EndProject
Global
	GlobalSection(SolutionConfigurationPlatforms) = preSolution
		Debug|Any CPU = Debug|Any CPU
		Release|Any CPU = Release|Any CPU
	EndGlobalSection
	GlobalSection(ProjectConfigurationPlatforms) = postSolution
		{BCDB0E75-1162-4075-8C3A-093192C4B5AD}.Debug|Any CPU.ActiveCfg = Debug|Any CPU
		{BCDB0E75-1162-4075-8C3A-093192C4B5AD}.Debug|Any CPU.Build.0 = Debug|Any CPU
		{BCDB0E75-1162-4075-8C3A-093192C4B5AD}.Release|Any CPU.ActiveCfg = Release|Any CPU
		{BCDB0E75-1162-4075-8C3A-093192C4B5AD}.Release|Any CPU.Build.0 = Release|Any CPU
	EndGlobalSection
	GlobalSection(SolutionProperties) = preSolution
		HideSolutionNode = FALSE
	EndGlobalSection
	GlobalSection(ExtensibilityGlobals) = postSolution
		SolutionGuid = {B3592B78-315B-420E-A69B-9B4718493276}
	EndGlobalSection
EndGlobal
