
Microsoft Visual Studio Solution File, Format Version 12.00
# Visual Studio Version 17
VisualStudioVersion = 17.5.002.0
MinimumVisualStudioVersion = 10.0.40219.1
Project("{9A19103F-16F7-4668-BE54-9A1E7A4F7556}") = "105-All-unique", "105-All-unique.csproj", "{74C02657-1854-43E6-818A-F581D4565162}"
EndProject
Global
	GlobalSection(SolutionConfigurationPlatforms) = preSolution
		Debug|Any CPU = Debug|Any CPU
		Release|Any CPU = Release|Any CPU
	EndGlobalSection
	GlobalSection(ProjectConfigurationPlatforms) = postSolution
		{74C02657-1854-43E6-818A-F581D4565162}.Debug|Any CPU.ActiveCfg = Debug|Any CPU
		{74C02657-1854-43E6-818A-F581D4565162}.Debug|Any CPU.Build.0 = Debug|Any CPU
		{74C02657-1854-43E6-818A-F581D4565162}.Release|Any CPU.ActiveCfg = Release|Any CPU
		{74C02657-1854-43E6-818A-F581D4565162}.Release|Any CPU.Build.0 = Release|Any CPU
	EndGlobalSection
	GlobalSection(SolutionProperties) = preSolution
		HideSolutionNode = FALSE
	EndGlobalSection
	GlobalSection(ExtensibilityGlobals) = postSolution
		SolutionGuid = {CE48A474-4A0C-4652-A0C5-62F37C8F7354}
	EndGlobalSection
EndGlobal
