
Microsoft Visual Studio Solution File, Format Version 12.00
# Visual Studio Version 17
VisualStudioVersion = 17.5.002.0
MinimumVisualStudioVersion = 10.0.40219.1
Project("{9A19103F-16F7-4668-BE54-9A1E7A4F7556}") = "108-Boiled-Eggs", "108-Boiled-Eggs.csproj", "{CF68252D-4E77-4126-B6B6-865BECC3C7C1}"
EndProject
Global
	GlobalSection(SolutionConfigurationPlatforms) = preSolution
		Debug|Any CPU = Debug|Any CPU
		Release|Any CPU = Release|Any CPU
	EndGlobalSection
	GlobalSection(ProjectConfigurationPlatforms) = postSolution
		{CF68252D-4E77-4126-B6B6-865BECC3C7C1}.Debug|Any CPU.ActiveCfg = Debug|Any CPU
		{CF68252D-4E77-4126-B6B6-865BECC3C7C1}.Debug|Any CPU.Build.0 = Debug|Any CPU
		{CF68252D-4E77-4126-B6B6-865BECC3C7C1}.Release|Any CPU.ActiveCfg = Release|Any CPU
		{CF68252D-4E77-4126-B6B6-865BECC3C7C1}.Release|Any CPU.Build.0 = Release|Any CPU
	EndGlobalSection
	GlobalSection(SolutionProperties) = preSolution
		HideSolutionNode = FALSE
	EndGlobalSection
	GlobalSection(ExtensibilityGlobals) = postSolution
		SolutionGuid = {2185F46E-63B5-47B3-B305-2EB998090AE2}
	EndGlobalSection
EndGlobal
