
Microsoft Visual Studio Solution File, Format Version 12.00
# Visual Studio Version 17
VisualStudioVersion = 17.5.002.0
MinimumVisualStudioVersion = 10.0.40219.1
Project("{9A19103F-16F7-4668-BE54-9A1E7A4F7556}") = "113-Palindrome-chain-length", "113-Palindrome-chain-length.csproj", "{EAF1EB3D-68A9-4825-B35C-2822EF2A165E}"
EndProject
Global
	GlobalSection(SolutionConfigurationPlatforms) = preSolution
		Debug|Any CPU = Debug|Any CPU
		Release|Any CPU = Release|Any CPU
	EndGlobalSection
	GlobalSection(ProjectConfigurationPlatforms) = postSolution
		{EAF1EB3D-68A9-4825-B35C-2822EF2A165E}.Debug|Any CPU.ActiveCfg = Debug|Any CPU
		{EAF1EB3D-68A9-4825-B35C-2822EF2A165E}.Debug|Any CPU.Build.0 = Debug|Any CPU
		{EAF1EB3D-68A9-4825-B35C-2822EF2A165E}.Release|Any CPU.ActiveCfg = Release|Any CPU
		{EAF1EB3D-68A9-4825-B35C-2822EF2A165E}.Release|Any CPU.Build.0 = Release|Any CPU
	EndGlobalSection
	GlobalSection(SolutionProperties) = preSolution
		HideSolutionNode = FALSE
	EndGlobalSection
	GlobalSection(ExtensibilityGlobals) = postSolution
		SolutionGuid = {69B867EA-759A-4343-A091-28B780AD53C0}
	EndGlobalSection
EndGlobal
