
Microsoft Visual Studio Solution File, Format Version 12.00
# Visual Studio Version 17
VisualStudioVersion = 17.5.002.0
MinimumVisualStudioVersion = 10.0.40219.1
Project("{9A19103F-16F7-4668-BE54-9A1E7A4F7556}") = "019-Abbreviate-a-Two-Word-Name", "019-Abbreviate-a-Two-Word-Name.csproj", "{2D0B8B2A-1C0A-4686-923B-CB109CBA9EF7}"
EndProject
Global
	GlobalSection(SolutionConfigurationPlatforms) = preSolution
		Debug|Any CPU = Debug|Any CPU
		Release|Any CPU = Release|Any CPU
	EndGlobalSection
	GlobalSection(ProjectConfigurationPlatforms) = postSolution
		{2D0B8B2A-1C0A-4686-923B-CB109CBA9EF7}.Debug|Any CPU.ActiveCfg = Debug|Any CPU
		{2D0B8B2A-1C0A-4686-923B-CB109CBA9EF7}.Debug|Any CPU.Build.0 = Debug|Any CPU
		{2D0B8B2A-1C0A-4686-923B-CB109CBA9EF7}.Release|Any CPU.ActiveCfg = Release|Any CPU
		{2D0B8B2A-1C0A-4686-923B-CB109CBA9EF7}.Release|Any CPU.Build.0 = Release|Any CPU
	EndGlobalSection
	GlobalSection(SolutionProperties) = preSolution
		HideSolutionNode = FALSE
	EndGlobalSection
	GlobalSection(ExtensibilityGlobals) = postSolution
		SolutionGuid = {49CF3D21-6713-4592-B95A-DCC38FE173A1}
	EndGlobalSection
EndGlobal
