
Microsoft Visual Studio Solution File, Format Version 12.00
# Visual Studio Version 17
VisualStudioVersion = 17.5.002.0
MinimumVisualStudioVersion = 10.0.40219.1
Project("{9A19103F-16F7-4668-BE54-9A1E7A4F7556}") = "475-Distance-from-the-average", "475-Distance-from-the-average.csproj", "{0447563D-9242-4787-B4E9-9B2798237CD7}"
EndProject
Global
	GlobalSection(SolutionConfigurationPlatforms) = preSolution
		Debug|Any CPU = Debug|Any CPU
		Release|Any CPU = Release|Any CPU
	EndGlobalSection
	GlobalSection(ProjectConfigurationPlatforms) = postSolution
		{0447563D-9242-4787-B4E9-9B2798237CD7}.Debug|Any CPU.ActiveCfg = Debug|Any CPU
		{0447563D-9242-4787-B4E9-9B2798237CD7}.Debug|Any CPU.Build.0 = Debug|Any CPU
		{0447563D-9242-4787-B4E9-9B2798237CD7}.Release|Any CPU.ActiveCfg = Release|Any CPU
		{0447563D-9242-4787-B4E9-9B2798237CD7}.Release|Any CPU.Build.0 = Release|Any CPU
	EndGlobalSection
	GlobalSection(SolutionProperties) = preSolution
		HideSolutionNode = FALSE
	EndGlobalSection
	GlobalSection(ExtensibilityGlobals) = postSolution
		SolutionGuid = {00B542EC-DE84-47A2-8DC2-90ED71469409}
	EndGlobalSection
EndGlobal
