
Microsoft Visual Studio Solution File, Format Version 12.00
# Visual Studio Version 17
VisualStudioVersion = 17.5.002.0
MinimumVisualStudioVersion = 10.0.40219.1
Project("{9A19103F-16F7-4668-BE54-9A1E7A4F7556}") = "522-Simple-Maths-Test", "522-Simple-Maths-Test.csproj", "{02CE2FEF-51E1-4C05-9391-B1659B5A4F2E}"
EndProject
Global
	GlobalSection(SolutionConfigurationPlatforms) = preSolution
		Debug|Any CPU = Debug|Any CPU
		Release|Any CPU = Release|Any CPU
	EndGlobalSection
	GlobalSection(ProjectConfigurationPlatforms) = postSolution
		{02CE2FEF-51E1-4C05-9391-B1659B5A4F2E}.Debug|Any CPU.ActiveCfg = Debug|Any CPU
		{02CE2FEF-51E1-4C05-9391-B1659B5A4F2E}.Debug|Any CPU.Build.0 = Debug|Any CPU
		{02CE2FEF-51E1-4C05-9391-B1659B5A4F2E}.Release|Any CPU.ActiveCfg = Release|Any CPU
		{02CE2FEF-51E1-4C05-9391-B1659B5A4F2E}.Release|Any CPU.Build.0 = Release|Any CPU
	EndGlobalSection
	GlobalSection(SolutionProperties) = preSolution
		HideSolutionNode = FALSE
	EndGlobalSection
	GlobalSection(ExtensibilityGlobals) = postSolution
		SolutionGuid = {94617DE2-16EB-49CD-AF1C-B7CD8F229721}
	EndGlobalSection
EndGlobal
