
Microsoft Visual Studio Solution File, Format Version 12.00
# Visual Studio Version 17
VisualStudioVersion = 17.5.002.0
MinimumVisualStudioVersion = 10.0.40219.1
Project("{9A19103F-16F7-4668-BE54-9A1E7A4F7556}") = "545-Not-all-but-sometimes-all", "545-Not-all-but-sometimes-all.csproj", "{B9939FA7-6B2F-458C-8285-621061CE3446}"
EndProject
Global
	GlobalSection(SolutionConfigurationPlatforms) = preSolution
		Debug|Any CPU = Debug|Any CPU
		Release|Any CPU = Release|Any CPU
	EndGlobalSection
	GlobalSection(ProjectConfigurationPlatforms) = postSolution
		{B9939FA7-6B2F-458C-8285-621061CE3446}.Debug|Any CPU.ActiveCfg = Debug|Any CPU
		{B9939FA7-6B2F-458C-8285-621061CE3446}.Debug|Any CPU.Build.0 = Debug|Any CPU
		{B9939FA7-6B2F-458C-8285-621061CE3446}.Release|Any CPU.ActiveCfg = Release|Any CPU
		{B9939FA7-6B2F-458C-8285-621061CE3446}.Release|Any CPU.Build.0 = Release|Any CPU
	EndGlobalSection
	GlobalSection(SolutionProperties) = preSolution
		HideSolutionNode = FALSE
	EndGlobalSection
	GlobalSection(ExtensibilityGlobals) = postSolution
		SolutionGuid = {14F4A532-BF72-474C-8A2B-C7C5028D56EF}
	EndGlobalSection
EndGlobal
