
Microsoft Visual Studio Solution File, Format Version 12.00
# Visual Studio Version 17
VisualStudioVersion = 17.5.002.0
MinimumVisualStudioVersion = 10.0.40219.1
Project("{9A19103F-16F7-4668-BE54-9A1E7A4F7556}") = "171-Do-you-speak-English", "171-Do-you-speak-English.csproj", "{B4642825-FC2F-4D8E-9113-F8A9B4D5CA16}"
EndProject
Global
	GlobalSection(SolutionConfigurationPlatforms) = preSolution
		Debug|Any CPU = Debug|Any CPU
		Release|Any CPU = Release|Any CPU
	EndGlobalSection
	GlobalSection(ProjectConfigurationPlatforms) = postSolution
		{B4642825-FC2F-4D8E-9113-F8A9B4D5CA16}.Debug|Any CPU.ActiveCfg = Debug|Any CPU
		{B4642825-FC2F-4D8E-9113-F8A9B4D5CA16}.Debug|Any CPU.Build.0 = Debug|Any CPU
		{B4642825-FC2F-4D8E-9113-F8A9B4D5CA16}.Release|Any CPU.ActiveCfg = Release|Any CPU
		{B4642825-FC2F-4D8E-9113-F8A9B4D5CA16}.Release|Any CPU.Build.0 = Release|Any CPU
	EndGlobalSection
	GlobalSection(SolutionProperties) = preSolution
		HideSolutionNode = FALSE
	EndGlobalSection
	GlobalSection(ExtensibilityGlobals) = postSolution
		SolutionGuid = {B2B9BE16-6AF4-4E93-8F1D-3CA298E361B4}
	EndGlobalSection
EndGlobal
