
Microsoft Visual Studio Solution File, Format Version 12.00
# Visual Studio Version 17
VisualStudioVersion = 17.5.002.0
MinimumVisualStudioVersion = 10.0.40219.1
Project("{9A19103F-16F7-4668-BE54-9A1E7A4F7556}") = "040-Count-the-divisors-of-a-number", "040-Count-the-divisors-of-a-number.csproj", "{C19F34A2-FA4A-4F89-A87D-BD58AB92F15E}"
EndProject
Global
	GlobalSection(SolutionConfigurationPlatforms) = preSolution
		Debug|Any CPU = Debug|Any CPU
		Release|Any CPU = Release|Any CPU
	EndGlobalSection
	GlobalSection(ProjectConfigurationPlatforms) = postSolution
		{C19F34A2-FA4A-4F89-A87D-BD58AB92F15E}.Debug|Any CPU.ActiveCfg = Debug|Any CPU
		{C19F34A2-FA4A-4F89-A87D-BD58AB92F15E}.Debug|Any CPU.Build.0 = Debug|Any CPU
		{C19F34A2-FA4A-4F89-A87D-BD58AB92F15E}.Release|Any CPU.ActiveCfg = Release|Any CPU
		{C19F34A2-FA4A-4F89-A87D-BD58AB92F15E}.Release|Any CPU.Build.0 = Release|Any CPU
	EndGlobalSection
	GlobalSection(SolutionProperties) = preSolution
		HideSolutionNode = FALSE
	EndGlobalSection
	GlobalSection(ExtensibilityGlobals) = postSolution
		SolutionGuid = {54172901-A4A1-408B-9D96-FB19A3D5AF2A}
	EndGlobalSection
EndGlobal
