
Microsoft Visual Studio Solution File, Format Version 12.00
# Visual Studio Version 17
VisualStudioVersion = 17.5.002.0
MinimumVisualStudioVersion = 10.0.40219.1
Project("{9A19103F-16F7-4668-BE54-9A1E7A4F7556}") = "137-Digits-explosion", "137-Digits-explosion.csproj", "{7502F59F-A34E-4DD6-AFAE-A4D902B2A830}"
EndProject
Global
	GlobalSection(SolutionConfigurationPlatforms) = preSolution
		Debug|Any CPU = Debug|Any CPU
		Release|Any CPU = Release|Any CPU
	EndGlobalSection
	GlobalSection(ProjectConfigurationPlatforms) = postSolution
		{7502F59F-A34E-4DD6-AFAE-A4D902B2A830}.Debug|Any CPU.ActiveCfg = Debug|Any CPU
		{7502F59F-A34E-4DD6-AFAE-A4D902B2A830}.Debug|Any CPU.Build.0 = Debug|Any CPU
		{7502F59F-A34E-4DD6-AFAE-A4D902B2A830}.Release|Any CPU.ActiveCfg = Release|Any CPU
		{7502F59F-A34E-4DD6-AFAE-A4D902B2A830}.Release|Any CPU.Build.0 = Release|Any CPU
	EndGlobalSection
	GlobalSection(SolutionProperties) = preSolution
		HideSolutionNode = FALSE
	EndGlobalSection
	GlobalSection(ExtensibilityGlobals) = postSolution
		SolutionGuid = {24F2092B-1FA2-4DEC-A794-6F86594D526E}
	EndGlobalSection
EndGlobal
