
Microsoft Visual Studio Solution File, Format Version 12.00
# Visual Studio Version 17
VisualStudioVersion = 17.5.002.0
MinimumVisualStudioVersion = 10.0.40219.1
Project("{9A19103F-16F7-4668-BE54-9A1E7A4F7556}") = "444-Mean-vs-Median", "444-Mean-vs-Median.csproj", "{590A647A-984F-4DAC-9490-C9F2B53F6DB0}"
EndProject
Global
	GlobalSection(SolutionConfigurationPlatforms) = preSolution
		Debug|Any CPU = Debug|Any CPU
		Release|Any CPU = Release|Any CPU
	EndGlobalSection
	GlobalSection(ProjectConfigurationPlatforms) = postSolution
		{590A647A-984F-4DAC-9490-C9F2B53F6DB0}.Debug|Any CPU.ActiveCfg = Debug|Any CPU
		{590A647A-984F-4DAC-9490-C9F2B53F6DB0}.Debug|Any CPU.Build.0 = Debug|Any CPU
		{590A647A-984F-4DAC-9490-C9F2B53F6DB0}.Release|Any CPU.ActiveCfg = Release|Any CPU
		{590A647A-984F-4DAC-9490-C9F2B53F6DB0}.Release|Any CPU.Build.0 = Release|Any CPU
	EndGlobalSection
	GlobalSection(SolutionProperties) = preSolution
		HideSolutionNode = FALSE
	EndGlobalSection
	GlobalSection(ExtensibilityGlobals) = postSolution
		SolutionGuid = {B7289070-4095-494D-9539-2221FADA480D}
	EndGlobalSection
EndGlobal
